PODS:
  - Advance (0.9)
  - AFNetworking (3.0.4):
    - AFNetworking/NSURLSession (= 3.0.4)
    - AFNetworking/Reachability (= 3.0.4)
    - AFNetworking/Security (= 3.0.4)
    - AFNetworking/Serialization (= 3.0.4)
    - AFNetworking/UIKit (= 3.0.4)
  - AFNetworking/NSURLSession (3.0.4):
    - AFNetworking/Reachability
    - AFNetworking/Security
    - AFNetworking/Serialization
  - AFNetworking/Reachability (3.0.4)
  - AFNetworking/Security (3.0.4)
  - AFNetworking/Serialization (3.0.4)
  - AFNetworking/UIKit (3.0.4):
    - AFNetworking/NSURLSession
  - Bugsnag (5.1.0):
    - KSCrash/RecordingAdvanced (~> 1.0.3)
  - CMDQueryStringSerialization (0.4.1):
    - ISO8601
  - cocoa-oauth (0.0.1):
    - NSData+Base64 (~> 1.0)
  - DBCamera (2.4.1):
    - GPUImage (~> 0.1)
  - FontAwesomeKit (2.2.0):
    - FontAwesomeKit/Core (= 2.2.0)
    - FontAwesomeKit/FontAwesome (= 2.2.0)
    - FontAwesomeKit/FoundationIcons (= 2.2.0)
    - FontAwesomeKit/IonIcons (= 2.2.0)
    - FontAwesomeKit/Zocial (= 2.2.0)
  - FontAwesomeKit/Core (2.2.0)
  - FontAwesomeKit/FontAwesome (2.2.0):
    - FontAwesomeKit/Core
  - FontAwesomeKit/FoundationIcons (2.2.0):
    - FontAwesomeKit/Core
  - FontAwesomeKit/IonIcons (2.2.0):
    - FontAwesomeKit/Core
  - FontAwesomeKit/Zocial (2.2.0):
    - FontAwesomeKit/Core
  - GPUImage (0.1.7)
  - HexColors (2.2.1)
  - iOS-blur (0.0.5)
  - ISO8601 (0.5.0)
  - JazzHands (2.0.8)
  - KSCrash/no-arc (1.0.3)
  - KSCrash/Recording (1.0.3):
    - KSCrash/no-arc
  - KSCrash/RecordingAdvanced (1.0.3):
    - KSCrash/Recording
  - libPhoneNumber-iOS (0.8.10)
  - Lookback (1.1.4):
    - PDKTZipArchive
  - LookbackSafe (1.1.4):
    - PDKTZipArchive
  - Mantle (2.0.6):
    - Mantle/extobjc (= 2.0.6)
  - Mantle/extobjc (2.0.6)
  - MBProgressHUD (0.9.2)
  - NSData+Base64 (1.0.0)
  - PDKTZipArchive (0.3.5)
  - PINCache (2.2.1)
  - PonyDebugger (0.4.5):
    - SocketRocket
  - pop (1.0.9)
  - Reachability (3.2)
  - ReactiveCocoa (4.0.1):
    - ReactiveCocoa/UI (= 4.0.1)
    - Result (~> 1.0.2)
  - ReactiveCocoa/Core (4.0.1):
    - ReactiveCocoa/no-arc
    - Result (~> 1.0.2)
  - ReactiveCocoa/no-arc (4.0.1):
    - Result (~> 1.0.2)
  - ReactiveCocoa/UI (4.0.1):
    - ReactiveCocoa/Core
    - Result (~> 1.0.2)
  - Result (1.0.2)
  - RNFrostedSidebar (0.2.0)
  - SDWebImage (3.7.5):
    - SDWebImage/Core (= 3.7.5)
  - SDWebImage/Core (3.7.5)
  - SimpleAuth/Core (0.3.9):
    - CMDQueryStringSerialization
    - ReactiveCocoa
  - SimpleAuth/FacebookWeb (0.3.9):
    - SimpleAuth/Core
  - SimpleAuth/Instagram (0.3.9):
    - SimpleAuth/Core
  - SimpleAuth/Tumblr (0.3.9):
    - cocoa-oauth
    - SimpleAuth/Core
  - SimpleAuth/TwitterWeb (0.3.9):
    - cocoa-oauth
    - SimpleAuth/Core
  - SocketRocket (0.4.2)
  - TSMessages (0.9.12):
    - HexColors (~> 2.2.0)
  - TTTAttributedLabel (1.13.4)
  - YLProgressBar (3.8.0)

DEPENDENCIES:
  - Advance (~> 0.9)
  - AFNetworking
  - Bugsnag
  - DBCamera
  - FontAwesomeKit
  - iOS-blur
  - JazzHands
  - libPhoneNumber-iOS
  - Lookback
  - LookbackSafe
  - Mantle
  - MBProgressHUD (~> 0.9)
  - PINCache
  - PonyDebugger (~> 0.4.0)
  - pop (~> 1.0)
  - Reachability (~> 3.2)
  - RNFrostedSidebar
  - SDWebImage
  - SimpleAuth/FacebookWeb
  - SimpleAuth/Instagram
  - SimpleAuth/Tumblr
  - SimpleAuth/TwitterWeb
  - TSMessages
  - TTTAttributedLabel
  - YLProgressBar

SPEC CHECKSUMS:
  Advance: 2872109f4d069b0b0245e1375ab5073e09dd051a
  AFNetworking: a0075feb321559dc78d9d85b55d11caa19eabb93
  Bugsnag: f766e45078ebdcf621e26739d41a1d26228d3988
  CMDQueryStringSerialization: 4bb0a2f5e7d8d8678d911d88072274952cbef4e5
  cocoa-oauth: 1200a2170276a62a975f2786d505dab6e2db1fa8
  DBCamera: 7a4343a541e1264610f9f33176552b93170a843e
  FontAwesomeKit: 025fd4dd1017fe4e3f8d47b03e024deedbb33cd4
  GPUImage: 733a5f0fab92df9de1c37ba9df520a833ccb406d
  HexColors: abfd172e329dab59888614ccba6f216cec59289d
  iOS-blur: 8e4a4a2202b881e940869eca0c957808cbdf0a19
  ISO8601: 25d7a973fa8daf31a50bbd0401d2e7b98e8a7df3
  JazzHands: 355dc5c2b6fc38ee460d0ed7836c69539263f477
  KSCrash: e8f1367230da7e33f37deb7329c299079202b07e
  libPhoneNumber-iOS: 7bfd00f843fdcd82b5182b463e8eb3b27579f41d
  Lookback: 9ab9027ff246d2dc5ce34be483f70e4a6718280b
  LookbackSafe: 3f1271d9a597bbb8ef854784e87c145854e1fbef
  Mantle: 299966b00759634931699f69cb6a30b9239b944d
  MBProgressHUD: 1569cf7ace17a8bac47aabfbb8580a49690386d1
  NSData+Base64: 4e84902c4db907a15673474677e57763ef3903e4
  PDKTZipArchive: 81c4824eb5587131e422fc58b92c043c4aa96466
  PINCache: ed1f07a85cc6fbf488f8ecc1980b07b49b7b85b5
  PonyDebugger: 1c60f7c876bdb6a8b6bf0f0269087f8a234fafa7
  pop: f667631a5108a2e60d9e8797c9b32ddaf2080bce
  Reachability: 33e18b67625424e47b6cde6d202dce689ad7af96
  ReactiveCocoa: f7011630aee4deeb16352fcb1b50d6bde9db4f90
  Result: dd3dd71af3fa2e262f1a999e14fba2c25ec14f16
  RNFrostedSidebar: 9491d8627e5e99b92334d36def432c0faf7ebae4
  SDWebImage: 69c6303e3348fba97e03f65d65d4fbc26740f461
  SimpleAuth: bc7d594f90711a7e6ef7624dce5aa8c8b09770ab
  SocketRocket: ffe08119b00ef982f6c37052a4705a057c8494ad
  TSMessages: c8cc7b80f2a833af533872cd02010cac061532cc
  TTTAttributedLabel: 0a2ac7b2dd726d32a070dafb01446026b11e624f
  YLProgressBar: b6ec76bea4a1b8d6bdfd2995d828055a7e5f3e9a

COCOAPODS: 0.39.0
