PODS:
  - Amplitude-iOS (2.1.1)
  - Analytics (1.8.7):
    - Analytics/Amplitude (= 1.8.7)
    - Analytics/AppsFlyer (= 1.8.7)
    - Analytics/Bugsnag (= 1.8.7)
    - Analytics/Core-iOS (= 1.8.7)
    - Analytics/Countly (= 1.8.7)
    - Analytics/Crittercism (= 1.8.7)
    - Analytics/Flurry (= 1.8.7)
    - Analytics/GoogleAnalytics (= 1.8.7)
    - Analytics/Localytics (= 1.8.7)
    - Analytics/Mixpanel (= 1.8.7)
    - Analytics/Optimizely (= 1.8.7)
    - Analytics/Quantcast (= 1.8.7)
    - Analytics/Segmentio (= 1.8.7)
    - Analytics/Taplytics (= 1.8.7)
    - Analytics/Tapstream (= 1.8.7)
    - Analytics/TestFlight (= 1.8.7)
  - Analytics/Amplitude (1.8.7):
    - Amplitude-iOS (= 2.1.1)
    - Analytics/Core-iOS
    - Analytics/Segmentio
  - Analytics/AppsFlyer (1.8.7):
    - Analytics/Core-iOS
    - Analytics/Segmentio
    - AppsFlyer-SDK (= 2.5.3.10)
  - Analytics/Bugsnag (1.8.7):
    - Analytics/Core-iOS
    - Analytics/Segmentio
    - Bugsnag (= 3.1.2)
  - Analytics/Core-iOS (1.8.7):
    - TRVSDictionaryWithCaseInsensitivity (= 0.0.2)
  - Analytics/Countly (1.8.7):
    - Analytics/Core-iOS
    - Analytics/Segmentio
    - Countly (= 1.0.0)
  - Analytics/Crittercism (1.8.7):
    - Analytics/Core-iOS
    - Analytics/Segmentio
    - CrittercismSDK (= 5.0.5)
  - Analytics/Flurry (1.8.7):
    - Analytics/Core-iOS
    - Analytics/Segmentio
    - FlurrySDK (= 4.4.0)
  - Analytics/GoogleAnalytics (1.8.7):
    - Analytics/Core-iOS
    - Analytics/Segmentio
    - GoogleAnalytics-iOS-SDK (= 3.0.9)
  - Analytics/Localytics (1.8.7):
    - Analytics/Core-iOS
    - Analytics/Segmentio
    - Localytics-AMP (= 2.71.0)
  - Analytics/Mixpanel (1.8.7):
    - Analytics/Core-iOS
    - Analytics/Segmentio
    - Mixpanel (= 2.6.0)
  - Analytics/Optimizely (1.8.7):
    - Analytics/Core-iOS
    - Analytics/Segmentio
    - Optimizely-iOS-SDK (= 0.7.55)
  - Analytics/Quantcast (1.8.7):
    - Analytics/Core-iOS
    - Analytics/Segmentio
    - Quantcast-Measure (= 1.4.6)
  - Analytics/Segmentio (1.8.7):
    - Analytics/Core-iOS
  - Analytics/Taplytics (1.8.7):
    - Analytics/Core-iOS
    - Analytics/Segmentio
    - Taplytics (= 2.0.10)
  - Analytics/Tapstream (1.8.7):
    - Analytics/Core-iOS
    - Analytics/Segmentio
    - Tapstream (= 2.8.3)
  - Analytics/TestFlight (1.8.7):
    - Analytics/Core-iOS
    - Analytics/Segmentio
    - TestFlightSDK (= 3.0.2)
  - AppsFlyer-SDK (2.5.3.10)
  - Bugsnag (3.1.2)
  - CMDQueryStringSerialization (0.3.2):
    - ISO8601
  - cocoa-oauth (0.0.1):
    - NSData+Base64 (~> 1.0)
  - Countly (1.0.0)
  - CrittercismSDK (5.0.5)
  - DBCamera (2.3.6):
    - GPUImage (~> 0.1)
  - FlurrySDK (4.4.0):
    - FlurrySDK/FlurrySDK (= 4.4.0)
  - FlurrySDK/FlurrySDK (4.4.0)
  - FontAwesomeKit (2.1.8):
    - FontAwesomeKit/Core (= 2.1.8)
    - FontAwesomeKit/FontAwesome (= 2.1.8)
    - FontAwesomeKit/FoundationIcons (= 2.1.8)
    - FontAwesomeKit/IonIcons (= 2.1.8)
    - FontAwesomeKit/Zocial (= 2.1.8)
  - FontAwesomeKit/Core (2.1.8)
  - FontAwesomeKit/FontAwesome (2.1.8):
    - FontAwesomeKit/Core
  - FontAwesomeKit/FoundationIcons (2.1.8):
    - FontAwesomeKit/Core
  - FontAwesomeKit/IonIcons (2.1.8):
    - FontAwesomeKit/Core
  - FontAwesomeKit/Zocial (2.1.8):
    - FontAwesomeKit/Core
  - GoogleAnalytics-iOS-SDK (3.0.9)
  - GPUImage (0.1.6)
  - HexColors (2.2.1)
  - ISO8601 (0.1.1)
  - Localytics-AMP (2.71.0)
  - MBProgressHUD (0.9)
  - Mixpanel (2.6.0):
    - Mixpanel/MPCategoryHelpers (= 2.6.0)
  - Mixpanel/MPCategoryHelpers (2.6.0)
  - NSData+Base64 (1.0.0)
  - Optimizely-iOS-SDK (0.7.55)
  - PonyDebugger (0.4.0):
    - SocketRocket
  - Quantcast-Measure (1.4.6):
    - Quantcast-Measure/Core (= 1.4.6)
  - Quantcast-Measure/Core (1.4.6)
  - Reachability (3.2)
  - ReactiveCocoa (2.3.1):
    - ReactiveCocoa/UI (= 2.3.1)
  - ReactiveCocoa/Core (2.3.1):
    - ReactiveCocoa/no-arc
  - ReactiveCocoa/no-arc (2.3.1)
  - ReactiveCocoa/UI (2.3.1):
    - ReactiveCocoa/Core
  - SimpleAuth/Core (0.3.6):
    - CMDQueryStringSerialization
    - ReactiveCocoa
  - SimpleAuth/FacebookWeb (0.3.6):
    - SimpleAuth/Core
    - SimpleAuth/UI
  - SimpleAuth/Instagram (0.3.6):
    - SimpleAuth/Core
    - SimpleAuth/UI
  - SimpleAuth/Tumblr (0.3.6):
    - cocoa-oauth
    - SimpleAuth/Core
    - SimpleAuth/UI
  - SimpleAuth/TwitterWeb (0.3.6):
    - cocoa-oauth
    - SimpleAuth/Core
    - SimpleAuth/UI
  - SimpleAuth/UI (0.3.6):
    - SimpleAuth/Core
  - SocialAccounts (0.0.1)
  - SocketRocket (0.2.0)
  - Taplytics (2.0.10)
  - Tapstream (2.8.3)
  - TestFlightSDK (3.0.2)
  - TRVSDictionaryWithCaseInsensitivity (0.0.2)
  - TSMessages (0.9.11):
    - HexColors
  - TTTAttributedLabel (1.12.0)

DEPENDENCIES:
  - Analytics
  - DBCamera
  - FontAwesomeKit
  - MBProgressHUD (~> 0.9)
  - PonyDebugger (~> 0.4.0)
  - Reachability (~> 3.2)
  - SimpleAuth/FacebookWeb
  - SimpleAuth/Instagram
  - SimpleAuth/Tumblr
  - SimpleAuth/TwitterWeb
  - SocialAccounts
  - TSMessages
  - TTTAttributedLabel

SPEC CHECKSUMS:
  Amplitude-iOS: e72b65479dc035ef671a57e34e1a981767224318
  Analytics: e808a1a0c05e42a666b465c0aaa2f07ceb25bb58
  AppsFlyer-SDK: f83ad2e0821c57852512ea0bb8d3b207c64ef698
  Bugsnag: 74d109dfa41b55d16890c987c7551ca071afd3d2
  CMDQueryStringSerialization: bc824b96c08a3277d00c71504e13c9fa18c6b451
  cocoa-oauth: 418c70e6ce4130fa7ebdf05232018c8f391030d8
  Countly: f26a3483a660b5790b2c76e1f91dea4f276b3c33
  CrittercismSDK: 0f3bfca5d5e7b11ba8042a119c7aeb32c034c3aa
  DBCamera: 95813e91d79b933b34e7e7a8ba2e74ad4289b9d2
  FlurrySDK: abaedafc350afa41b004236b67ae14f7d3748b68
  FontAwesomeKit: a2edea3111dab107b4cc43b85881b404eb063385
  GoogleAnalytics-iOS-SDK: d9e198b1f955259a72886769be7377cdfcdb2250
  GPUImage: cecb0830bb9428f50192042e3c7b53810f51388e
  HexColors: 01384d2bbe8dc4ffa43c3b4135db6e976952d153
  ISO8601: a6afce5fbe854024802367c814fac4aa8d3586f9
  Localytics-AMP: 4d158e216541912109b1ae7ca20b153d053d68c5
  MBProgressHUD: 2038dbcf3dce73215abed6001657043d53aa79a8
  Mixpanel: e919d14f07a34ee01f81f97e535b7a240af2f793
  NSData+Base64: aae92a2e3f0bd88b29fe6093551ded3f5c062548
  Optimizely-iOS-SDK: 73fb9acc68e32df7a0a1f30909b7af4556aa7013
  PonyDebugger: 4f43d7c2f67aa5e26ca00ce6983421608a6eca6d
  Quantcast-Measure: 82b2e0b81df7f59ee3f643551d4d79fa433f22ba
  Reachability: 1ef8adf5c4e3d362f96515d4278f68dad3c26930
  ReactiveCocoa: dca75777b9d18990c8714a3a6f2149f29b4d1462
  SimpleAuth: 0664e22bff27c7f5b169254b421b1c761d002f65
  SocialAccounts: 9dc37f41cbb57ee0598f8d6db0cc3d179dafe71e
  SocketRocket: 6c9cfd1592bea82262b4283dcda3a7de166af3b6
  Taplytics: 6e029d9f99592bb81712e06e126b796eaf2db900
  Tapstream: b2d949e963c393938697db68256ba70aadddb820
  TestFlightSDK: 0c24c533748d0d84bfe7a3cb6036fa79124d84ee
  TRVSDictionaryWithCaseInsensitivity: a61daa8469fa079e05b694f6aad5441785c837d1
  TSMessages: e21ef5b1c7518cc590a4826c8b05b16b79b10c2c
  TTTAttributedLabel: 9825f9b6c8f1c01939fa26827e59b7586483a45b

COCOAPODS: 0.35.0
