// !$*UTF8*$!
{
	archiveVersion = 1;
	classes = {
	};
	objectVersion = 46;
	objects = {

/* Begin PBXBuildFile section */
		050423A71B2C096F006A1B02 /* CONTagPopover.m in Sources */ = {isa = PBXBuildFile; fileRef = 050423A61B2C096F006A1B02 /* CONTagPopover.m */; };
		050C80F71C79202000798AD0 /* FontAwesome.otf in Resources */ = {isa = PBXBuildFile; fileRef = 050C80F61C79202000798AD0 /* FontAwesome.otf */; };
		050C80F91C79264F00798AD0 /* ionicons.ttf in Resources */ = {isa = PBXBuildFile; fileRef = 050C80F81C79264F00798AD0 /* ionicons.ttf */; };
		052965101C85609500B98183 /* foundation-icons.ttf in Resources */ = {isa = PBXBuildFile; fileRef = 0529650D1C85609500B98183 /* foundation-icons.ttf */; };
		052965111C85609500B98183 /* zocial-regular-webfont.ttf in Resources */ = {isa = PBXBuildFile; fileRef = 0529650F1C85609500B98183 /* zocial-regular-webfont.ttf */; };
		052965131C85610800B98183 /* TSMessagesDefaultDesign.json in Resources */ = {isa = PBXBuildFile; fileRef = 052965121C85610800B98183 /* TSMessagesDefaultDesign.json */; };
		055A01891B3F567900BB3E92 /* CONV2IntroViewController.m in Sources */ = {isa = PBXBuildFile; fileRef = 055A01871B3F567900BB3E92 /* CONV2IntroViewController.m */; };
		055A018A1B3F567900BB3E92 /* CONV2IntroViewController.xib in Resources */ = {isa = PBXBuildFile; fileRef = 055A01881B3F567900BB3E92 /* CONV2IntroViewController.xib */; };
		059881321A257E64006AD82A /* Crashlytics.framework in Frameworks */ = {isa = PBXBuildFile; fileRef = 059881301A257E64006AD82A /* Crashlytics.framework */; };
		059881331A257E64006AD82A /* Fabric.framework in Frameworks */ = {isa = PBXBuildFile; fileRef = 059881311A257E64006AD82A /* Fabric.framework */; };
		05B53CAE1C93C166003B9C47 /* ParseUI.framework in Frameworks */ = {isa = PBXBuildFile; fileRef = 05B53CAA1C93C166003B9C47 /* ParseUI.framework */; };
		05B53CB01C93C166003B9C47 /* Parse.framework in Frameworks */ = {isa = PBXBuildFile; fileRef = 05B53CAC1C93C166003B9C47 /* Parse.framework */; };
		05BBA08A1C9120440007124A /* ActivityView.swift in Sources */ = {isa = PBXBuildFile; fileRef = 05BBA0751C9120440007124A /* ActivityView.swift */; };
		05BBA08B1C9120440007124A /* ActivityViewController.swift in Sources */ = {isa = PBXBuildFile; fileRef = 05BBA0761C9120440007124A /* ActivityViewController.swift */; };
		05BBA08D1C9120440007124A /* Assets.xcassets in Resources */ = {isa = PBXBuildFile; fileRef = 05BBA0781C9120440007124A /* Assets.xcassets */; };
		05BBA08F1C9120440007124A /* BrowserView.swift in Sources */ = {isa = PBXBuildFile; fileRef = 05BBA07B1C9120440007124A /* BrowserView.swift */; };
		05BBA0901C9120440007124A /* BrowserViewController.swift in Sources */ = {isa = PBXBuildFile; fileRef = 05BBA07C1C9120440007124A /* BrowserViewController.swift */; };
		05BBA0911C9120440007124A /* CoverView.swift in Sources */ = {isa = PBXBuildFile; fileRef = 05BBA07D1C9120440007124A /* CoverView.swift */; };
		05BBA0921C9120440007124A /* DemoViewController.swift in Sources */ = {isa = PBXBuildFile; fileRef = 05BBA07E1C9120440007124A /* DemoViewController.swift */; };
		05BBA0A11C912D7B0007124A /* ActivityViewController2.swift in Sources */ = {isa = PBXBuildFile; fileRef = 05BBA0A01C912D7B0007124A /* ActivityViewController2.swift */; };
		05BBA0A31C912D820007124A /* ActivityView2.swift in Sources */ = {isa = PBXBuildFile; fileRef = 05BBA0A21C912D820007124A /* ActivityView2.swift */; };
		05BBA0A61C912E510007124A /* DirectManipulationGestureRecognizer.swift in Sources */ = {isa = PBXBuildFile; fileRef = 05BBA0A41C912E510007124A /* DirectManipulationGestureRecognizer.swift */; };
		05BBA0A71C912E510007124A /* SimpleTransform.swift in Sources */ = {isa = PBXBuildFile; fileRef = 05BBA0A51C912E510007124A /* SimpleTransform.swift */; };
		05BBA57F1C9139010007124A /* ActivityView3.swift in Sources */ = {isa = PBXBuildFile; fileRef = 05BBA57D1C9139010007124A /* ActivityView3.swift */; };
		05BBA5801C9139010007124A /* ActivityViewController3.swift in Sources */ = {isa = PBXBuildFile; fileRef = 05BBA57E1C9139010007124A /* ActivityViewController3.swift */; };
		05BBA5831C91429C0007124A /* ActivityView4.swift in Sources */ = {isa = PBXBuildFile; fileRef = 05BBA5811C91429C0007124A /* ActivityView4.swift */; };
		05BBA5841C91429C0007124A /* ActivityViewController4.swift in Sources */ = {isa = PBXBuildFile; fileRef = 05BBA5821C91429C0007124A /* ActivityViewController4.swift */; };
		05BBA5861C91DF590007124A /* UIKit.framework in Frameworks */ = {isa = PBXBuildFile; fileRef = 05BBA5851C91DF590007124A /* UIKit.framework */; };
		05C77DBF1C8B5F530066C1F5 /* libstdc++.6.tbd in Frameworks */ = {isa = PBXBuildFile; fileRef = 05C77DBE1C8B5F530066C1F5 /* libstdc++.6.tbd */; };
		05C77DC11C8B5F640066C1F5 /* libsqlite3.tbd in Frameworks */ = {isa = PBXBuildFile; fileRef = 05C77DC01C8B5F640066C1F5 /* libsqlite3.tbd */; };
		1723DFB4A43E7E11E1C5DEA3 /* Pods.framework in Frameworks */ = {isa = PBXBuildFile; fileRef = 3E771F4FC7423A645E872C3B /* Pods.framework */; };
		B802D1691B49B0A600E83656 /* CONSignUpViewController.xib in Resources */ = {isa = PBXBuildFile; fileRef = B802D1681B49B0A600E83656 /* CONSignUpViewController.xib */; };
		BC09CAD31A3090AA001F8DC8 /* CONContact.m in Sources */ = {isa = PBXBuildFile; fileRef = BC09CAD21A3090AA001F8DC8 /* CONContact.m */; };
		BC09CAE31A3091E5001F8DC8 /* InfoPlist.strings in Resources */ = {isa = PBXBuildFile; fileRef = BC09CAE11A3091E5001F8DC8 /* InfoPlist.strings */; };
		BC09CAED1A309456001F8DC8 /* main.m in Sources */ = {isa = PBXBuildFile; fileRef = BC09CAEA1A309456001F8DC8 /* main.m */; };
		BC139CDC1A2DCC8700F1F3E5 /* CONShareSettingsViewController.m in Sources */ = {isa = PBXBuildFile; fileRef = BC139CDB1A2DCC8700F1F3E5 /* CONShareSettingsViewController.m */; };
		BC19D2A71A278686002B9944 /* Images.xcassets in Resources */ = {isa = PBXBuildFile; fileRef = BC19D2A61A278686002B9944 /* Images.xcassets */; };
		BC2138D51A24D49B003DD8C4 /* AppDelegate.m in Sources */ = {isa = PBXBuildFile; fileRef = BC2138CE1A24D49B003DD8C4 /* AppDelegate.m */; };
		BC2138D61A24D49B003DD8C4 /* PAPCache.m in Sources */ = {isa = PBXBuildFile; fileRef = BC2138D01A24D49B003DD8C4 /* PAPCache.m */; };
		BC2138D71A24D49B003DD8C4 /* PAPConstants.m in Sources */ = {isa = PBXBuildFile; fileRef = BC2138D21A24D49B003DD8C4 /* PAPConstants.m */; };
		BC2138D81A24D49B003DD8C4 /* PAPUtility.m in Sources */ = {isa = PBXBuildFile; fileRef = BC2138D41A24D49B003DD8C4 /* PAPUtility.m */; };
		BC2138DB1A24D4EE003DD8C4 /* PAPTabBarController.m in Sources */ = {isa = PBXBuildFile; fileRef = BC2138DA1A24D4EE003DD8C4 /* PAPTabBarController.m */; };
		BC2138DE1A24D51B003DD8C4 /* PAPFindFriendsViewController.m in Sources */ = {isa = PBXBuildFile; fileRef = BC2138DD1A24D51B003DD8C4 /* PAPFindFriendsViewController.m */; };
		BC2138E41A24D561003DD8C4 /* PAPPhotoDetailsViewController.m in Sources */ = {isa = PBXBuildFile; fileRef = BC2138E31A24D561003DD8C4 /* PAPPhotoDetailsViewController.m */; };
		BC2138E71A24D577003DD8C4 /* PAPActivityFeedViewController.m in Sources */ = {isa = PBXBuildFile; fileRef = BC2138E61A24D577003DD8C4 /* PAPActivityFeedViewController.m */; };
		BC2138EA1A24D5A0003DD8C4 /* PAPEditPhotoViewController.m in Sources */ = {isa = PBXBuildFile; fileRef = BC2138E91A24D5A0003DD8C4 /* PAPEditPhotoViewController.m */; };
		BC2138F11A24D64A003DD8C4 /* PAPAccountViewController.m in Sources */ = {isa = PBXBuildFile; fileRef = BC2138EC1A24D64A003DD8C4 /* PAPAccountViewController.m */; };
		BC2138F21A24D64A003DD8C4 /* PAPHomeViewController.m in Sources */ = {isa = PBXBuildFile; fileRef = BC2138EE1A24D64A003DD8C4 /* PAPHomeViewController.m */; };
		BC2138F31A24D64A003DD8C4 /* PAPPhotoTimelineViewController.m in Sources */ = {isa = PBXBuildFile; fileRef = BC2138F01A24D64A003DD8C4 /* PAPPhotoTimelineViewController.m */; };
		BC2138F81A24D706003DD8C4 /* PAPLogInViewController.m in Sources */ = {isa = PBXBuildFile; fileRef = BC2138F51A24D706003DD8C4 /* PAPLogInViewController.m */; };
		BC2138F91A24D706003DD8C4 /* PAPWelcomeViewController.m in Sources */ = {isa = PBXBuildFile; fileRef = BC2138F71A24D706003DD8C4 /* PAPWelcomeViewController.m */; };
		BC2139001A24D74A003DD8C4 /* PAPImageView.m in Sources */ = {isa = PBXBuildFile; fileRef = BC2138FB1A24D749003DD8C4 /* PAPImageView.m */; };
		BC2139011A24D74A003DD8C4 /* PAPProfileImageView.m in Sources */ = {isa = PBXBuildFile; fileRef = BC2138FD1A24D749003DD8C4 /* PAPProfileImageView.m */; };
		BC2139021A24D74A003DD8C4 /* PAPSettingsButtonItem.m in Sources */ = {isa = PBXBuildFile; fileRef = BC2138FF1A24D74A003DD8C4 /* PAPSettingsButtonItem.m */; };
		BC2139071A24D775003DD8C4 /* PAPLoadMoreCell.m in Sources */ = {isa = PBXBuildFile; fileRef = BC2139041A24D775003DD8C4 /* PAPLoadMoreCell.m */; };
		BC2139081A24D775003DD8C4 /* PAPPhotoCell.m in Sources */ = {isa = PBXBuildFile; fileRef = BC2139061A24D775003DD8C4 /* PAPPhotoCell.m */; };
		BC21392A1A24D788003DD8C4 /* Entitlements.plist in Resources */ = {isa = PBXBuildFile; fileRef = BC21390E1A24D788003DD8C4 /* Entitlements.plist */; };
		BC21392B1A24D788003DD8C4 /* PAPActivityCell.m in Sources */ = {isa = PBXBuildFile; fileRef = BC2139101A24D788003DD8C4 /* PAPActivityCell.m */; };
		BC21392C1A24D788003DD8C4 /* PAPBaseTextCell.m in Sources */ = {isa = PBXBuildFile; fileRef = BC2139121A24D788003DD8C4 /* PAPBaseTextCell.m */; };
		BC21392D1A24D788003DD8C4 /* PAPFindFriendsCell.m in Sources */ = {isa = PBXBuildFile; fileRef = BC2139141A24D788003DD8C4 /* PAPFindFriendsCell.m */; };
		BC2139301A24D788003DD8C4 /* PAPPhotoDetailsHeaderView.m in Sources */ = {isa = PBXBuildFile; fileRef = BC21391A1A24D788003DD8C4 /* PAPPhotoDetailsHeaderView.m */; };
		BC2139311A24D788003DD8C4 /* PAPPhotoDetailsTableViewControllerViewController.m in Sources */ = {isa = PBXBuildFile; fileRef = BC21391C1A24D788003DD8C4 /* PAPPhotoDetailsTableViewControllerViewController.m */; };
		BC2139351A24D788003DD8C4 /* UIImage+AlphaAdditions.m in Sources */ = {isa = PBXBuildFile; fileRef = BC2139231A24D788003DD8C4 /* UIImage+AlphaAdditions.m */; };
		BC2139361A24D788003DD8C4 /* UIImage+ResizeAdditions.m in Sources */ = {isa = PBXBuildFile; fileRef = BC2139251A24D788003DD8C4 /* UIImage+ResizeAdditions.m */; };
		BC2139371A24D788003DD8C4 /* UIImage+RoundedCornerAdditions.m in Sources */ = {isa = PBXBuildFile; fileRef = BC2139271A24D788003DD8C4 /* UIImage+RoundedCornerAdditions.m */; };
		BC54066E1A24DE7300CB0AC6 /* PAPPhotoHeaderView.m in Sources */ = {isa = PBXBuildFile; fileRef = BC54066D1A24DE7300CB0AC6 /* PAPPhotoHeaderView.m */; };
		BC62935C1A53C28B0080F506 /* CONSocialAccount.m in Sources */ = {isa = PBXBuildFile; fileRef = BC62935B1A53C28B0080F506 /* CONSocialAccount.m */; };
		BC6293621A5437A50080F506 /* CONProviderDetailViewController.m in Sources */ = {isa = PBXBuildFile; fileRef = BC6293611A5437A50080F506 /* CONProviderDetailViewController.m */; };
		BC64A3401A484C2C00452469 /* THContactViewStyle.m in Sources */ = {isa = PBXBuildFile; fileRef = BC64A3391A484C2C00452469 /* THContactViewStyle.m */; };
		BC64A3411A484C2C00452469 /* THContactView.m in Sources */ = {isa = PBXBuildFile; fileRef = BC64A33B1A484C2C00452469 /* THContactView.m */; };
		BC64A3421A484C2C00452469 /* THContactPickerView.m in Sources */ = {isa = PBXBuildFile; fileRef = BC64A33D1A484C2C00452469 /* THContactPickerView.m */; };
		BC64A3431A484C2C00452469 /* THContactTextField.m in Sources */ = {isa = PBXBuildFile; fileRef = BC64A33F1A484C2C00452469 /* THContactTextField.m */; };
		BC64A3491A485DC100452469 /* CONInviteFriendsViewController.m in Sources */ = {isa = PBXBuildFile; fileRef = BC64A3481A485DC100452469 /* CONInviteFriendsViewController.m */; };
		BC64A34C1A48617E00452469 /* CONInviteRequest.m in Sources */ = {isa = PBXBuildFile; fileRef = BC64A34B1A48617E00452469 /* CONInviteRequest.m */; };
		BC6A21431A4C12F800ECFDB0 /* CONIntroViewController.m in Sources */ = {isa = PBXBuildFile; fileRef = BC6A21421A4C12F800ECFDB0 /* CONIntroViewController.m */; };
		BC6A21481A4EF9E900ECFDB0 /* CONSettingsViewController.m in Sources */ = {isa = PBXBuildFile; fileRef = BC6A21471A4EF9E900ECFDB0 /* CONSettingsViewController.m */; };
		BC6A214B1A4F060A00ECFDB0 /* CONPushNotificationSettingsViewController.m in Sources */ = {isa = PBXBuildFile; fileRef = BC6A214A1A4F060A00ECFDB0 /* CONPushNotificationSettingsViewController.m */; };
		BC82D0DE1A793DAD00139B57 /* UIColor+InitAdditions.m in Sources */ = {isa = PBXBuildFile; fileRef = BC82D0DD1A793DAD00139B57 /* UIColor+InitAdditions.m */; };
		BC9F044B1A39D88100088C96 /* CONSignUpViewController.m in Sources */ = {isa = PBXBuildFile; fileRef = BC9F044A1A39D88100088C96 /* CONSignUpViewController.m */; };
		BC9F044E1A39E3D600088C96 /* CONSignupAttempt.m in Sources */ = {isa = PBXBuildFile; fileRef = BC9F044D1A39E3D600088C96 /* CONSignupAttempt.m */; };
		BC9F3F921A821C6F00629745 /* SVModalWebViewController.m in Sources */ = {isa = PBXBuildFile; fileRef = BC9F3F8D1A821C6F00629745 /* SVModalWebViewController.m */; };
		BC9F3F931A821C6F00629745 /* SVWebViewController.bundle in Resources */ = {isa = PBXBuildFile; fileRef = BC9F3F8E1A821C6F00629745 /* SVWebViewController.bundle */; };
		BC9F3F941A821C6F00629745 /* SVWebViewController.m in Sources */ = {isa = PBXBuildFile; fileRef = BC9F3F901A821C6F00629745 /* SVWebViewController.m */; };
		BC9F3F951A821C6F00629745 /* SVWebViewController.strings in Resources */ = {isa = PBXBuildFile; fileRef = BC9F3F911A821C6F00629745 /* SVWebViewController.strings */; };
		BC9F3F991A821C9B00629745 /* SVWebViewControllerActivity.m in Sources */ = {isa = PBXBuildFile; fileRef = BC9F3F981A821C9B00629745 /* SVWebViewControllerActivity.m */; };
		BC9F3FA01A821CBF00629745 /* SVWebViewControllerActivitySafari-iPad.png in Resources */ = {isa = PBXBuildFile; fileRef = BC9F3F9B1A821CBF00629745 /* SVWebViewControllerActivitySafari-iPad.png */; };
		BC9F3FA11A821CBF00629745 /* SVWebViewControllerActivitySafari-iPad@2x.png in Resources */ = {isa = PBXBuildFile; fileRef = BC9F3F9C1A821CBF00629745 /* SVWebViewControllerActivitySafari-iPad@2x.png */; };
		BC9F3FA21A821CBF00629745 /* SVWebViewControllerActivitySafari.m in Sources */ = {isa = PBXBuildFile; fileRef = BC9F3F9E1A821CBF00629745 /* SVWebViewControllerActivitySafari.m */; };
		BC9F3FA31A821CBF00629745 /* SVWebViewControllerActivitySafari@2x.png in Resources */ = {isa = PBXBuildFile; fileRef = BC9F3F9F1A821CBF00629745 /* SVWebViewControllerActivitySafari@2x.png */; };
		BC9F3FAA1A821CD400629745 /* SVWebViewControllerActivityChrome-iPad.png in Resources */ = {isa = PBXBuildFile; fileRef = BC9F3FA51A821CD400629745 /* SVWebViewControllerActivityChrome-iPad.png */; };
		BC9F3FAB1A821CD400629745 /* SVWebViewControllerActivityChrome-iPad@2x.png in Resources */ = {isa = PBXBuildFile; fileRef = BC9F3FA61A821CD400629745 /* SVWebViewControllerActivityChrome-iPad@2x.png */; };
		BC9F3FAC1A821CD400629745 /* SVWebViewControllerActivityChrome.m in Sources */ = {isa = PBXBuildFile; fileRef = BC9F3FA81A821CD400629745 /* SVWebViewControllerActivityChrome.m */; };
		BC9F3FAD1A821CD400629745 /* SVWebViewControllerActivityChrome@2x.png in Resources */ = {isa = PBXBuildFile; fileRef = BC9F3FA91A821CD400629745 /* SVWebViewControllerActivityChrome@2x.png */; };
		BCB748E41A643D8F00044872 /* CONNotificationSetting.m in Sources */ = {isa = PBXBuildFile; fileRef = BCB748E31A643D8F00044872 /* CONNotificationSetting.m */; };
		BCD46B401A7138BE0065E1D4 /* HPGrowingTextView.m in Sources */ = {isa = PBXBuildFile; fileRef = BCD46B3D1A7138BE0065E1D4 /* HPGrowingTextView.m */; };
		BCD46B411A7138BE0065E1D4 /* HPTextViewInternal.m in Sources */ = {isa = PBXBuildFile; fileRef = BCD46B3F1A7138BE0065E1D4 /* HPTextViewInternal.m */; };
		BCD46B441A7147170065E1D4 /* CONCommentTextView.m in Sources */ = {isa = PBXBuildFile; fileRef = BCD46B431A7147170065E1D4 /* CONCommentTextView.m */; };
		BCD488551A498EBD00751A6E /* MainWindow.xib in Resources */ = {isa = PBXBuildFile; fileRef = BCD488541A498EBD00751A6E /* MainWindow.xib */; };
		BCD9F7E91A7AA39C00F9811B /* CONFollowersViewController.m in Sources */ = {isa = PBXBuildFile; fileRef = BCD9F7E81A7AA39C00F9811B /* CONFollowersViewController.m */; };
		BCD9F7EC1A7AB8E200F9811B /* CONFollowingViewController.m in Sources */ = {isa = PBXBuildFile; fileRef = BCD9F7EB1A7AB8E200F9811B /* CONFollowingViewController.m */; };
		BCD9F8021A7BD5EF00F9811B /* CONInstagramMedium.m in Sources */ = {isa = PBXBuildFile; fileRef = BCD9F8011A7BD5EF00F9811B /* CONInstagramMedium.m */; };
		C9FB33277DA2E9983660A032 /* UIColor+CreateMethods.m in Sources */ = {isa = PBXBuildFile; fileRef = C9FB329152595BCD29D9D8AA /* UIColor+CreateMethods.m */; };
		C9FB381D8EA2EE1FAFBB912E /* CONDemoTag.m in Sources */ = {isa = PBXBuildFile; fileRef = C9FB3B0756BB25ED48C177CC /* CONDemoTag.m */; };
		C9FB38FEDE265E2562D3C955 /* CONImageOverlay.m in Sources */ = {isa = PBXBuildFile; fileRef = C9FB3FF3860263740FD51EC9 /* CONImageOverlay.m */; };
		E7ADD51117BEA09500E975E2 /* TTTTimeIntervalFormatter.m in Sources */ = {isa = PBXBuildFile; fileRef = E7ADD4BD17BEA09500E975E2 /* TTTTimeIntervalFormatter.m */; };
		E7ADD51217BEA09500E975E2 /* UIImage+ImageEffects.m in Sources */ = {isa = PBXBuildFile; fileRef = E7ADD4C017BEA09500E975E2 /* UIImage+ImageEffects.m */; };
/* End PBXBuildFile section */

/* Begin PBXFileReference section */
		050423A41B2C0914006A1B02 /* CONPhotoTagProtocol.h */ = {isa = PBXFileReference; lastKnownFileType = sourcecode.c.h; path = CONPhotoTagProtocol.h; sourceTree = "<group>"; };
		050423A51B2C096F006A1B02 /* CONTagPopover.h */ = {isa = PBXFileReference; fileEncoding = 4; lastKnownFileType = sourcecode.c.h; path = CONTagPopover.h; sourceTree = "<group>"; };
		050423A61B2C096F006A1B02 /* CONTagPopover.m */ = {isa = PBXFileReference; fileEncoding = 4; lastKnownFileType = sourcecode.c.objc; path = CONTagPopover.m; sourceTree = "<group>"; };
		050C80F51C791FF300798AD0 /* FontAwesome.otf */ = {isa = PBXFileReference; lastKnownFileType = file; name = FontAwesome.otf; path = Pods/FontAwesomeKit/FontAwesomeKit/FontAwesome.otf; sourceTree = "<group>"; };
		050C80F61C79202000798AD0 /* FontAwesome.otf */ = {isa = PBXFileReference; lastKnownFileType = file; name = FontAwesome.otf; path = Pods/FontAwesomeKit/FontAwesomeKit/FontAwesome.otf; sourceTree = "<group>"; };
		050C80F81C79264F00798AD0 /* ionicons.ttf */ = {isa = PBXFileReference; lastKnownFileType = file; name = ionicons.ttf; path = Pods/FontAwesomeKit/FontAwesomeKit/ionicons.ttf; sourceTree = "<group>"; };
		0529650C1C85609500B98183 /* FontAwesome.otf */ = {isa = PBXFileReference; lastKnownFileType = file; name = FontAwesome.otf; path = Pods/FontAwesomeKit/FontAwesomeKit/FontAwesome.otf; sourceTree = "<group>"; };
		0529650D1C85609500B98183 /* foundation-icons.ttf */ = {isa = PBXFileReference; lastKnownFileType = file; name = "foundation-icons.ttf"; path = "Pods/FontAwesomeKit/FontAwesomeKit/foundation-icons.ttf"; sourceTree = "<group>"; };
		0529650E1C85609500B98183 /* ionicons.ttf */ = {isa = PBXFileReference; lastKnownFileType = file; name = ionicons.ttf; path = Pods/FontAwesomeKit/FontAwesomeKit/ionicons.ttf; sourceTree = "<group>"; };
		0529650F1C85609500B98183 /* zocial-regular-webfont.ttf */ = {isa = PBXFileReference; lastKnownFileType = file; name = "zocial-regular-webfont.ttf"; path = "Pods/FontAwesomeKit/FontAwesomeKit/zocial-regular-webfont.ttf"; sourceTree = "<group>"; };
		052965121C85610800B98183 /* TSMessagesDefaultDesign.json */ = {isa = PBXFileReference; lastKnownFileType = text.json; name = TSMessagesDefaultDesign.json; path = Pods/TSMessages/Pod/Assets/TSMessagesDefaultDesign.json; sourceTree = "<group>"; };
		052C49241C8AC6D30077F80B /* Info.plist */ = {isa = PBXFileReference; fileEncoding = 4; lastKnownFileType = text.plist.xml; name = Info.plist; path = ../Resources/Info.plist; sourceTree = "<group>"; };
		055A01861B3F567900BB3E92 /* CONV2IntroViewController.h */ = {isa = PBXFileReference; fileEncoding = 4; lastKnownFileType = sourcecode.c.h; path = CONV2IntroViewController.h; sourceTree = "<group>"; };
		055A01871B3F567900BB3E92 /* CONV2IntroViewController.m */ = {isa = PBXFileReference; fileEncoding = 4; lastKnownFileType = sourcecode.c.objc; path = CONV2IntroViewController.m; sourceTree = "<group>"; };
		055A01881B3F567900BB3E92 /* CONV2IntroViewController.xib */ = {isa = PBXFileReference; fileEncoding = 4; lastKnownFileType = file.xib; path = CONV2IntroViewController.xib; sourceTree = "<group>"; };
		059881301A257E64006AD82A /* Crashlytics.framework */ = {isa = PBXFileReference; lastKnownFileType = wrapper.framework; name = Crashlytics.framework; path = ../Crashlytics.framework; sourceTree = "<group>"; };
		059881311A257E64006AD82A /* Fabric.framework */ = {isa = PBXFileReference; lastKnownFileType = wrapper.framework; name = Fabric.framework; path = ../Fabric.framework; sourceTree = "<group>"; };
		05B53CAA1C93C166003B9C47 /* ParseUI.framework */ = {isa = PBXFileReference; lastKnownFileType = wrapper.framework; path = ParseUI.framework; sourceTree = "<group>"; };
		05B53CAC1C93C166003B9C47 /* Parse.framework */ = {isa = PBXFileReference; lastKnownFileType = wrapper.framework; path = Parse.framework; sourceTree = "<group>"; };
		05BBA0731C911A210007124A /* Standout-Bridging-Header.h */ = {isa = PBXFileReference; fileEncoding = 4; lastKnownFileType = sourcecode.c.h; name = "Standout-Bridging-Header.h"; path = "TFashion/Standout-Bridging-Header.h"; sourceTree = "<group>"; };
		05BBA0751C9120440007124A /* ActivityView.swift */ = {isa = PBXFileReference; fileEncoding = 4; lastKnownFileType = sourcecode.swift; path = ActivityView.swift; sourceTree = "<group>"; };
		05BBA0761C9120440007124A /* ActivityViewController.swift */ = {isa = PBXFileReference; fileEncoding = 4; lastKnownFileType = sourcecode.swift; path = ActivityViewController.swift; sourceTree = "<group>"; };
		05BBA0781C9120440007124A /* Assets.xcassets */ = {isa = PBXFileReference; lastKnownFileType = folder.assetcatalog; path = Assets.xcassets; sourceTree = "<group>"; };
		05BBA07B1C9120440007124A /* BrowserView.swift */ = {isa = PBXFileReference; fileEncoding = 4; lastKnownFileType = sourcecode.swift; path = BrowserView.swift; sourceTree = "<group>"; };
		05BBA07C1C9120440007124A /* BrowserViewController.swift */ = {isa = PBXFileReference; fileEncoding = 4; lastKnownFileType = sourcecode.swift; path = BrowserViewController.swift; sourceTree = "<group>"; };
		05BBA07D1C9120440007124A /* CoverView.swift */ = {isa = PBXFileReference; fileEncoding = 4; lastKnownFileType = sourcecode.swift; path = CoverView.swift; sourceTree = "<group>"; };
		05BBA07E1C9120440007124A /* DemoViewController.swift */ = {isa = PBXFileReference; fileEncoding = 4; lastKnownFileType = sourcecode.swift; path = DemoViewController.swift; sourceTree = "<group>"; };
		05BBA0A01C912D7B0007124A /* ActivityViewController2.swift */ = {isa = PBXFileReference; fileEncoding = 4; lastKnownFileType = sourcecode.swift; path = ActivityViewController2.swift; sourceTree = "<group>"; };
		05BBA0A21C912D820007124A /* ActivityView2.swift */ = {isa = PBXFileReference; fileEncoding = 4; lastKnownFileType = sourcecode.swift; path = ActivityView2.swift; sourceTree = "<group>"; };
		05BBA0A41C912E510007124A /* DirectManipulationGestureRecognizer.swift */ = {isa = PBXFileReference; fileEncoding = 4; lastKnownFileType = sourcecode.swift; path = DirectManipulationGestureRecognizer.swift; sourceTree = "<group>"; };
		05BBA0A51C912E510007124A /* SimpleTransform.swift */ = {isa = PBXFileReference; fileEncoding = 4; lastKnownFileType = sourcecode.swift; path = SimpleTransform.swift; sourceTree = "<group>"; };
		05BBA57D1C9139010007124A /* ActivityView3.swift */ = {isa = PBXFileReference; fileEncoding = 4; lastKnownFileType = sourcecode.swift; path = ActivityView3.swift; sourceTree = "<group>"; };
		05BBA57E1C9139010007124A /* ActivityViewController3.swift */ = {isa = PBXFileReference; fileEncoding = 4; lastKnownFileType = sourcecode.swift; path = ActivityViewController3.swift; sourceTree = "<group>"; };
		05BBA5811C91429C0007124A /* ActivityView4.swift */ = {isa = PBXFileReference; fileEncoding = 4; lastKnownFileType = sourcecode.swift; path = ActivityView4.swift; sourceTree = "<group>"; };
		05BBA5821C91429C0007124A /* ActivityViewController4.swift */ = {isa = PBXFileReference; fileEncoding = 4; lastKnownFileType = sourcecode.swift; path = ActivityViewController4.swift; sourceTree = "<group>"; };
		05BBA5851C91DF590007124A /* UIKit.framework */ = {isa = PBXFileReference; lastKnownFileType = wrapper.framework; name = UIKit.framework; path = System/Library/Frameworks/UIKit.framework; sourceTree = SDKROOT; };
		05C77DBE1C8B5F530066C1F5 /* libstdc++.6.tbd */ = {isa = PBXFileReference; lastKnownFileType = "sourcecode.text-based-dylib-definition"; name = "libstdc++.6.tbd"; path = "usr/lib/libstdc++.6.tbd"; sourceTree = SDKROOT; };
		05C77DC01C8B5F640066C1F5 /* libsqlite3.tbd */ = {isa = PBXFileReference; lastKnownFileType = "sourcecode.text-based-dylib-definition"; name = libsqlite3.tbd; path = usr/lib/libsqlite3.tbd; sourceTree = SDKROOT; };
		05D9145A1B9DF659008C26C2 /* FontAwesome.otf */ = {isa = PBXFileReference; lastKnownFileType = file; name = FontAwesome.otf; path = Pods/FontAwesomeKit/FontAwesomeKit/FontAwesome.otf; sourceTree = "<group>"; };
		09ABC06D13A1D52D009C3FCF /* Standout.app */ = {isa = PBXFileReference; explicitFileType = wrapper.application; includeInIndex = 0; path = Standout.app; sourceTree = BUILT_PRODUCTS_DIR; };
		192EAD6B2595B13292D939E6 /* Pods.release.xcconfig */ = {isa = PBXFileReference; includeInIndex = 1; lastKnownFileType = text.xcconfig; name = Pods.release.xcconfig; path = "Pods/Target Support Files/Pods/Pods.release.xcconfig"; sourceTree = "<group>"; };
		3E771F4FC7423A645E872C3B /* Pods.framework */ = {isa = PBXFileReference; explicitFileType = wrapper.framework; includeInIndex = 0; path = Pods.framework; sourceTree = BUILT_PRODUCTS_DIR; };
		6CCCF19ADF46CF4E4A039B76 /* Pods.ad hoc.xcconfig */ = {isa = PBXFileReference; includeInIndex = 1; lastKnownFileType = text.xcconfig; name = "Pods.ad hoc.xcconfig"; path = "Pods/Target Support Files/Pods/Pods.ad hoc.xcconfig"; sourceTree = "<group>"; };
		AC0A015B22A032758BB65FAC /* Pods.distribution.xcconfig */ = {isa = PBXFileReference; includeInIndex = 1; lastKnownFileType = text.xcconfig; name = Pods.distribution.xcconfig; path = "Pods/Target Support Files/Pods/Pods.distribution.xcconfig"; sourceTree = "<group>"; };
		B802D1681B49B0A600E83656 /* CONSignUpViewController.xib */ = {isa = PBXFileReference; fileEncoding = 4; lastKnownFileType = file.xib; path = CONSignUpViewController.xib; sourceTree = "<group>"; };
		BC09CAD11A3090AA001F8DC8 /* CONContact.h */ = {isa = PBXFileReference; fileEncoding = 4; lastKnownFileType = sourcecode.c.h; path = CONContact.h; sourceTree = "<group>"; };
		BC09CAD21A3090AA001F8DC8 /* CONContact.m */ = {isa = PBXFileReference; fileEncoding = 4; lastKnownFileType = sourcecode.c.objc; path = CONContact.m; sourceTree = "<group>"; };
		BC09CAE21A3091E5001F8DC8 /* en */ = {isa = PBXFileReference; lastKnownFileType = text.plist.strings; name = en; path = en.lproj/InfoPlist.strings; sourceTree = "<group>"; };
		BC09CAEA1A309456001F8DC8 /* main.m */ = {isa = PBXFileReference; fileEncoding = 4; lastKnownFileType = sourcecode.c.objc; path = main.m; sourceTree = "<group>"; };
		BC09CAEB1A309456001F8DC8 /* Prefix.pch */ = {isa = PBXFileReference; fileEncoding = 4; lastKnownFileType = sourcecode.c.h; path = Prefix.pch; sourceTree = "<group>"; };
		BC139CDA1A2DCC8700F1F3E5 /* CONShareSettingsViewController.h */ = {isa = PBXFileReference; fileEncoding = 4; lastKnownFileType = sourcecode.c.h; path = CONShareSettingsViewController.h; sourceTree = "<group>"; };
		BC139CDB1A2DCC8700F1F3E5 /* CONShareSettingsViewController.m */ = {isa = PBXFileReference; fileEncoding = 4; lastKnownFileType = sourcecode.c.objc; path = CONShareSettingsViewController.m; sourceTree = "<group>"; };
		BC19D2A61A278686002B9944 /* Images.xcassets */ = {isa = PBXFileReference; lastKnownFileType = folder.assetcatalog; name = Images.xcassets; path = TFashion/Images.xcassets; sourceTree = SOURCE_ROOT; };
		BC2138CD1A24D49B003DD8C4 /* AppDelegate.h */ = {isa = PBXFileReference; fileEncoding = 4; lastKnownFileType = sourcecode.c.h; name = AppDelegate.h; path = TFashion/AppDelegate.h; sourceTree = SOURCE_ROOT; };
		BC2138CE1A24D49B003DD8C4 /* AppDelegate.m */ = {isa = PBXFileReference; fileEncoding = 4; lastKnownFileType = sourcecode.c.objc; name = AppDelegate.m; path = TFashion/AppDelegate.m; sourceTree = SOURCE_ROOT; };
		BC2138CF1A24D49B003DD8C4 /* PAPCache.h */ = {isa = PBXFileReference; fileEncoding = 4; lastKnownFileType = sourcecode.c.h; name = PAPCache.h; path = TFashion/PAPCache.h; sourceTree = SOURCE_ROOT; };
		BC2138D01A24D49B003DD8C4 /* PAPCache.m */ = {isa = PBXFileReference; fileEncoding = 4; lastKnownFileType = sourcecode.c.objc; name = PAPCache.m; path = TFashion/PAPCache.m; sourceTree = SOURCE_ROOT; };
		BC2138D11A24D49B003DD8C4 /* PAPConstants.h */ = {isa = PBXFileReference; fileEncoding = 4; lastKnownFileType = sourcecode.c.h; name = PAPConstants.h; path = TFashion/PAPConstants.h; sourceTree = SOURCE_ROOT; };
		BC2138D21A24D49B003DD8C4 /* PAPConstants.m */ = {isa = PBXFileReference; fileEncoding = 4; lastKnownFileType = sourcecode.c.objc; name = PAPConstants.m; path = TFashion/PAPConstants.m; sourceTree = SOURCE_ROOT; };
		BC2138D31A24D49B003DD8C4 /* PAPUtility.h */ = {isa = PBXFileReference; fileEncoding = 4; lastKnownFileType = sourcecode.c.h; name = PAPUtility.h; path = TFashion/PAPUtility.h; sourceTree = SOURCE_ROOT; };
		BC2138D41A24D49B003DD8C4 /* PAPUtility.m */ = {isa = PBXFileReference; fileEncoding = 4; lastKnownFileType = sourcecode.c.objc; name = PAPUtility.m; path = TFashion/PAPUtility.m; sourceTree = SOURCE_ROOT; };
		BC2138D91A24D4EE003DD8C4 /* PAPTabBarController.h */ = {isa = PBXFileReference; fileEncoding = 4; lastKnownFileType = sourcecode.c.h; name = PAPTabBarController.h; path = TFashion/PAPTabBarController.h; sourceTree = SOURCE_ROOT; };
		BC2138DA1A24D4EE003DD8C4 /* PAPTabBarController.m */ = {isa = PBXFileReference; fileEncoding = 4; lastKnownFileType = sourcecode.c.objc; name = PAPTabBarController.m; path = TFashion/PAPTabBarController.m; sourceTree = SOURCE_ROOT; };
		BC2138DC1A24D51B003DD8C4 /* PAPFindFriendsViewController.h */ = {isa = PBXFileReference; fileEncoding = 4; lastKnownFileType = sourcecode.c.h; name = PAPFindFriendsViewController.h; path = TFashion/PAPFindFriendsViewController.h; sourceTree = SOURCE_ROOT; };
		BC2138DD1A24D51B003DD8C4 /* PAPFindFriendsViewController.m */ = {isa = PBXFileReference; fileEncoding = 4; lastKnownFileType = sourcecode.c.objc; name = PAPFindFriendsViewController.m; path = TFashion/PAPFindFriendsViewController.m; sourceTree = SOURCE_ROOT; };
		BC2138E21A24D561003DD8C4 /* PAPPhotoDetailsViewController.h */ = {isa = PBXFileReference; fileEncoding = 4; lastKnownFileType = sourcecode.c.h; name = PAPPhotoDetailsViewController.h; path = TFashion/PAPPhotoDetailsViewController.h; sourceTree = SOURCE_ROOT; };
		BC2138E31A24D561003DD8C4 /* PAPPhotoDetailsViewController.m */ = {isa = PBXFileReference; fileEncoding = 4; lastKnownFileType = sourcecode.c.objc; name = PAPPhotoDetailsViewController.m; path = TFashion/PAPPhotoDetailsViewController.m; sourceTree = SOURCE_ROOT; };
		BC2138E51A24D577003DD8C4 /* PAPActivityFeedViewController.h */ = {isa = PBXFileReference; fileEncoding = 4; lastKnownFileType = sourcecode.c.h; name = PAPActivityFeedViewController.h; path = TFashion/PAPActivityFeedViewController.h; sourceTree = SOURCE_ROOT; };
		BC2138E61A24D577003DD8C4 /* PAPActivityFeedViewController.m */ = {isa = PBXFileReference; fileEncoding = 4; lastKnownFileType = sourcecode.c.objc; name = PAPActivityFeedViewController.m; path = TFashion/PAPActivityFeedViewController.m; sourceTree = SOURCE_ROOT; };
		BC2138E81A24D5A0003DD8C4 /* PAPEditPhotoViewController.h */ = {isa = PBXFileReference; fileEncoding = 4; lastKnownFileType = sourcecode.c.h; name = PAPEditPhotoViewController.h; path = TFashion/PAPEditPhotoViewController.h; sourceTree = SOURCE_ROOT; };
		BC2138E91A24D5A0003DD8C4 /* PAPEditPhotoViewController.m */ = {isa = PBXFileReference; fileEncoding = 4; lastKnownFileType = sourcecode.c.objc; name = PAPEditPhotoViewController.m; path = TFashion/PAPEditPhotoViewController.m; sourceTree = SOURCE_ROOT; };
		BC2138EB1A24D64A003DD8C4 /* PAPAccountViewController.h */ = {isa = PBXFileReference; fileEncoding = 4; lastKnownFileType = sourcecode.c.h; name = PAPAccountViewController.h; path = TFashion/PAPAccountViewController.h; sourceTree = SOURCE_ROOT; };
		BC2138EC1A24D64A003DD8C4 /* PAPAccountViewController.m */ = {isa = PBXFileReference; fileEncoding = 4; lastKnownFileType = sourcecode.c.objc; name = PAPAccountViewController.m; path = TFashion/PAPAccountViewController.m; sourceTree = SOURCE_ROOT; };
		BC2138ED1A24D64A003DD8C4 /* PAPHomeViewController.h */ = {isa = PBXFileReference; fileEncoding = 4; lastKnownFileType = sourcecode.c.h; name = PAPHomeViewController.h; path = TFashion/PAPHomeViewController.h; sourceTree = SOURCE_ROOT; };
		BC2138EE1A24D64A003DD8C4 /* PAPHomeViewController.m */ = {isa = PBXFileReference; fileEncoding = 4; lastKnownFileType = sourcecode.c.objc; name = PAPHomeViewController.m; path = TFashion/PAPHomeViewController.m; sourceTree = SOURCE_ROOT; };
		BC2138EF1A24D64A003DD8C4 /* PAPPhotoTimelineViewController.h */ = {isa = PBXFileReference; fileEncoding = 4; lastKnownFileType = sourcecode.c.h; name = PAPPhotoTimelineViewController.h; path = TFashion/PAPPhotoTimelineViewController.h; sourceTree = SOURCE_ROOT; };
		BC2138F01A24D64A003DD8C4 /* PAPPhotoTimelineViewController.m */ = {isa = PBXFileReference; fileEncoding = 4; lastKnownFileType = sourcecode.c.objc; name = PAPPhotoTimelineViewController.m; path = TFashion/PAPPhotoTimelineViewController.m; sourceTree = SOURCE_ROOT; };
		BC2138F41A24D706003DD8C4 /* PAPLogInViewController.h */ = {isa = PBXFileReference; fileEncoding = 4; lastKnownFileType = sourcecode.c.h; name = PAPLogInViewController.h; path = TFashion/PAPLogInViewController.h; sourceTree = SOURCE_ROOT; };
		BC2138F51A24D706003DD8C4 /* PAPLogInViewController.m */ = {isa = PBXFileReference; fileEncoding = 4; lastKnownFileType = sourcecode.c.objc; name = PAPLogInViewController.m; path = TFashion/PAPLogInViewController.m; sourceTree = SOURCE_ROOT; };
		BC2138F61A24D706003DD8C4 /* PAPWelcomeViewController.h */ = {isa = PBXFileReference; fileEncoding = 4; lastKnownFileType = sourcecode.c.h; name = PAPWelcomeViewController.h; path = TFashion/PAPWelcomeViewController.h; sourceTree = SOURCE_ROOT; };
		BC2138F71A24D706003DD8C4 /* PAPWelcomeViewController.m */ = {isa = PBXFileReference; fileEncoding = 4; lastKnownFileType = sourcecode.c.objc; name = PAPWelcomeViewController.m; path = TFashion/PAPWelcomeViewController.m; sourceTree = SOURCE_ROOT; };
		BC2138FA1A24D749003DD8C4 /* PAPImageView.h */ = {isa = PBXFileReference; fileEncoding = 4; lastKnownFileType = sourcecode.c.h; name = PAPImageView.h; path = TFashion/PAPImageView.h; sourceTree = SOURCE_ROOT; };
		BC2138FB1A24D749003DD8C4 /* PAPImageView.m */ = {isa = PBXFileReference; fileEncoding = 4; lastKnownFileType = sourcecode.c.objc; name = PAPImageView.m; path = TFashion/PAPImageView.m; sourceTree = SOURCE_ROOT; };
		BC2138FC1A24D749003DD8C4 /* PAPProfileImageView.h */ = {isa = PBXFileReference; fileEncoding = 4; lastKnownFileType = sourcecode.c.h; name = PAPProfileImageView.h; path = TFashion/PAPProfileImageView.h; sourceTree = SOURCE_ROOT; };
		BC2138FD1A24D749003DD8C4 /* PAPProfileImageView.m */ = {isa = PBXFileReference; fileEncoding = 4; lastKnownFileType = sourcecode.c.objc; name = PAPProfileImageView.m; path = TFashion/PAPProfileImageView.m; sourceTree = SOURCE_ROOT; };
		BC2138FE1A24D749003DD8C4 /* PAPSettingsButtonItem.h */ = {isa = PBXFileReference; fileEncoding = 4; lastKnownFileType = sourcecode.c.h; name = PAPSettingsButtonItem.h; path = TFashion/PAPSettingsButtonItem.h; sourceTree = SOURCE_ROOT; };
		BC2138FF1A24D74A003DD8C4 /* PAPSettingsButtonItem.m */ = {isa = PBXFileReference; fileEncoding = 4; lastKnownFileType = sourcecode.c.objc; name = PAPSettingsButtonItem.m; path = TFashion/PAPSettingsButtonItem.m; sourceTree = SOURCE_ROOT; };
		BC2139031A24D775003DD8C4 /* PAPLoadMoreCell.h */ = {isa = PBXFileReference; fileEncoding = 4; lastKnownFileType = sourcecode.c.h; name = PAPLoadMoreCell.h; path = TFashion/PAPLoadMoreCell.h; sourceTree = SOURCE_ROOT; };
		BC2139041A24D775003DD8C4 /* PAPLoadMoreCell.m */ = {isa = PBXFileReference; fileEncoding = 4; lastKnownFileType = sourcecode.c.objc; name = PAPLoadMoreCell.m; path = TFashion/PAPLoadMoreCell.m; sourceTree = SOURCE_ROOT; };
		BC2139051A24D775003DD8C4 /* PAPPhotoCell.h */ = {isa = PBXFileReference; fileEncoding = 4; lastKnownFileType = sourcecode.c.h; name = PAPPhotoCell.h; path = TFashion/PAPPhotoCell.h; sourceTree = SOURCE_ROOT; };
		BC2139061A24D775003DD8C4 /* PAPPhotoCell.m */ = {isa = PBXFileReference; fileEncoding = 4; lastKnownFileType = sourcecode.c.objc; name = PAPPhotoCell.m; path = TFashion/PAPPhotoCell.m; sourceTree = SOURCE_ROOT; };
		BC21390E1A24D788003DD8C4 /* Entitlements.plist */ = {isa = PBXFileReference; fileEncoding = 4; lastKnownFileType = text.plist.xml; name = Entitlements.plist; path = TFashion/Entitlements.plist; sourceTree = SOURCE_ROOT; };
		BC21390F1A24D788003DD8C4 /* PAPActivityCell.h */ = {isa = PBXFileReference; fileEncoding = 4; lastKnownFileType = sourcecode.c.h; name = PAPActivityCell.h; path = TFashion/PAPActivityCell.h; sourceTree = SOURCE_ROOT; };
		BC2139101A24D788003DD8C4 /* PAPActivityCell.m */ = {isa = PBXFileReference; fileEncoding = 4; lastKnownFileType = sourcecode.c.objc; name = PAPActivityCell.m; path = TFashion/PAPActivityCell.m; sourceTree = SOURCE_ROOT; };
		BC2139111A24D788003DD8C4 /* PAPBaseTextCell.h */ = {isa = PBXFileReference; fileEncoding = 4; lastKnownFileType = sourcecode.c.h; name = PAPBaseTextCell.h; path = TFashion/PAPBaseTextCell.h; sourceTree = SOURCE_ROOT; };
		BC2139121A24D788003DD8C4 /* PAPBaseTextCell.m */ = {isa = PBXFileReference; fileEncoding = 4; lastKnownFileType = sourcecode.c.objc; name = PAPBaseTextCell.m; path = TFashion/PAPBaseTextCell.m; sourceTree = SOURCE_ROOT; };
		BC2139131A24D788003DD8C4 /* PAPFindFriendsCell.h */ = {isa = PBXFileReference; fileEncoding = 4; lastKnownFileType = sourcecode.c.h; name = PAPFindFriendsCell.h; path = TFashion/PAPFindFriendsCell.h; sourceTree = SOURCE_ROOT; };
		BC2139141A24D788003DD8C4 /* PAPFindFriendsCell.m */ = {isa = PBXFileReference; fileEncoding = 4; lastKnownFileType = sourcecode.c.objc; name = PAPFindFriendsCell.m; path = TFashion/PAPFindFriendsCell.m; sourceTree = SOURCE_ROOT; };
		BC2139191A24D788003DD8C4 /* PAPPhotoDetailsHeaderView.h */ = {isa = PBXFileReference; fileEncoding = 4; lastKnownFileType = sourcecode.c.h; name = PAPPhotoDetailsHeaderView.h; path = TFashion/PAPPhotoDetailsHeaderView.h; sourceTree = SOURCE_ROOT; };
		BC21391A1A24D788003DD8C4 /* PAPPhotoDetailsHeaderView.m */ = {isa = PBXFileReference; fileEncoding = 4; lastKnownFileType = sourcecode.c.objc; name = PAPPhotoDetailsHeaderView.m; path = TFashion/PAPPhotoDetailsHeaderView.m; sourceTree = SOURCE_ROOT; };
		BC21391B1A24D788003DD8C4 /* PAPPhotoDetailsTableViewControllerViewController.h */ = {isa = PBXFileReference; fileEncoding = 4; lastKnownFileType = sourcecode.c.h; name = PAPPhotoDetailsTableViewControllerViewController.h; path = TFashion/PAPPhotoDetailsTableViewControllerViewController.h; sourceTree = SOURCE_ROOT; };
		BC21391C1A24D788003DD8C4 /* PAPPhotoDetailsTableViewControllerViewController.m */ = {isa = PBXFileReference; fileEncoding = 4; lastKnownFileType = sourcecode.c.objc; name = PAPPhotoDetailsTableViewControllerViewController.m; path = TFashion/PAPPhotoDetailsTableViewControllerViewController.m; sourceTree = SOURCE_ROOT; };
		BC2139221A24D788003DD8C4 /* UIImage+AlphaAdditions.h */ = {isa = PBXFileReference; fileEncoding = 4; lastKnownFileType = sourcecode.c.h; name = "UIImage+AlphaAdditions.h"; path = "TFashion/UIImage+AlphaAdditions.h"; sourceTree = SOURCE_ROOT; };
		BC2139231A24D788003DD8C4 /* UIImage+AlphaAdditions.m */ = {isa = PBXFileReference; fileEncoding = 4; lastKnownFileType = sourcecode.c.objc; name = "UIImage+AlphaAdditions.m"; path = "TFashion/UIImage+AlphaAdditions.m"; sourceTree = SOURCE_ROOT; };
		BC2139241A24D788003DD8C4 /* UIImage+ResizeAdditions.h */ = {isa = PBXFileReference; fileEncoding = 4; lastKnownFileType = sourcecode.c.h; name = "UIImage+ResizeAdditions.h"; path = "TFashion/UIImage+ResizeAdditions.h"; sourceTree = SOURCE_ROOT; };
		BC2139251A24D788003DD8C4 /* UIImage+ResizeAdditions.m */ = {isa = PBXFileReference; fileEncoding = 4; lastKnownFileType = sourcecode.c.objc; name = "UIImage+ResizeAdditions.m"; path = "TFashion/UIImage+ResizeAdditions.m"; sourceTree = SOURCE_ROOT; };
		BC2139261A24D788003DD8C4 /* UIImage+RoundedCornerAdditions.h */ = {isa = PBXFileReference; fileEncoding = 4; lastKnownFileType = sourcecode.c.h; name = "UIImage+RoundedCornerAdditions.h"; path = "TFashion/UIImage+RoundedCornerAdditions.h"; sourceTree = SOURCE_ROOT; };
		BC2139271A24D788003DD8C4 /* UIImage+RoundedCornerAdditions.m */ = {isa = PBXFileReference; fileEncoding = 4; lastKnownFileType = sourcecode.c.objc; name = "UIImage+RoundedCornerAdditions.m"; path = "TFashion/UIImage+RoundedCornerAdditions.m"; sourceTree = SOURCE_ROOT; };
		BC54066C1A24DE7300CB0AC6 /* PAPPhotoHeaderView.h */ = {isa = PBXFileReference; fileEncoding = 4; lastKnownFileType = sourcecode.c.h; name = PAPPhotoHeaderView.h; path = TFashion/PAPPhotoHeaderView.h; sourceTree = SOURCE_ROOT; };
		BC54066D1A24DE7300CB0AC6 /* PAPPhotoHeaderView.m */ = {isa = PBXFileReference; fileEncoding = 4; lastKnownFileType = sourcecode.c.objc; name = PAPPhotoHeaderView.m; path = TFashion/PAPPhotoHeaderView.m; sourceTree = SOURCE_ROOT; };
		BC62935A1A53C28B0080F506 /* CONSocialAccount.h */ = {isa = PBXFileReference; fileEncoding = 4; lastKnownFileType = sourcecode.c.h; path = CONSocialAccount.h; sourceTree = "<group>"; };
		BC62935B1A53C28B0080F506 /* CONSocialAccount.m */ = {isa = PBXFileReference; fileEncoding = 4; lastKnownFileType = sourcecode.c.objc; path = CONSocialAccount.m; sourceTree = "<group>"; };
		BC6293601A5437A50080F506 /* CONProviderDetailViewController.h */ = {isa = PBXFileReference; fileEncoding = 4; lastKnownFileType = sourcecode.c.h; path = CONProviderDetailViewController.h; sourceTree = "<group>"; };
		BC6293611A5437A50080F506 /* CONProviderDetailViewController.m */ = {isa = PBXFileReference; fileEncoding = 4; lastKnownFileType = sourcecode.c.objc; path = CONProviderDetailViewController.m; sourceTree = "<group>"; };
		BC64A3381A484C2C00452469 /* THContactViewStyle.h */ = {isa = PBXFileReference; fileEncoding = 4; lastKnownFileType = sourcecode.c.h; path = THContactViewStyle.h; sourceTree = "<group>"; };
		BC64A3391A484C2C00452469 /* THContactViewStyle.m */ = {isa = PBXFileReference; fileEncoding = 4; lastKnownFileType = sourcecode.c.objc; path = THContactViewStyle.m; sourceTree = "<group>"; };
		BC64A33A1A484C2C00452469 /* THContactView.h */ = {isa = PBXFileReference; fileEncoding = 4; lastKnownFileType = sourcecode.c.h; path = THContactView.h; sourceTree = "<group>"; };
		BC64A33B1A484C2C00452469 /* THContactView.m */ = {isa = PBXFileReference; fileEncoding = 4; lastKnownFileType = sourcecode.c.objc; path = THContactView.m; sourceTree = "<group>"; };
		BC64A33C1A484C2C00452469 /* THContactPickerView.h */ = {isa = PBXFileReference; fileEncoding = 4; lastKnownFileType = sourcecode.c.h; path = THContactPickerView.h; sourceTree = "<group>"; };
		BC64A33D1A484C2C00452469 /* THContactPickerView.m */ = {isa = PBXFileReference; fileEncoding = 4; lastKnownFileType = sourcecode.c.objc; path = THContactPickerView.m; sourceTree = "<group>"; };
		BC64A33E1A484C2C00452469 /* THContactTextField.h */ = {isa = PBXFileReference; fileEncoding = 4; lastKnownFileType = sourcecode.c.h; path = THContactTextField.h; sourceTree = "<group>"; };
		BC64A33F1A484C2C00452469 /* THContactTextField.m */ = {isa = PBXFileReference; fileEncoding = 4; lastKnownFileType = sourcecode.c.objc; path = THContactTextField.m; sourceTree = "<group>"; };
		BC64A3471A485DC100452469 /* CONInviteFriendsViewController.h */ = {isa = PBXFileReference; fileEncoding = 4; lastKnownFileType = sourcecode.c.h; path = CONInviteFriendsViewController.h; sourceTree = "<group>"; };
		BC64A3481A485DC100452469 /* CONInviteFriendsViewController.m */ = {isa = PBXFileReference; fileEncoding = 4; lastKnownFileType = sourcecode.c.objc; path = CONInviteFriendsViewController.m; sourceTree = "<group>"; };
		BC64A34A1A48617E00452469 /* CONInviteRequest.h */ = {isa = PBXFileReference; fileEncoding = 4; lastKnownFileType = sourcecode.c.h; path = CONInviteRequest.h; sourceTree = "<group>"; };
		BC64A34B1A48617E00452469 /* CONInviteRequest.m */ = {isa = PBXFileReference; fileEncoding = 4; lastKnownFileType = sourcecode.c.objc; path = CONInviteRequest.m; sourceTree = "<group>"; };
		BC6A21411A4C12F800ECFDB0 /* CONIntroViewController.h */ = {isa = PBXFileReference; fileEncoding = 4; lastKnownFileType = sourcecode.c.h; path = CONIntroViewController.h; sourceTree = "<group>"; };
		BC6A21421A4C12F800ECFDB0 /* CONIntroViewController.m */ = {isa = PBXFileReference; fileEncoding = 4; lastKnownFileType = sourcecode.c.objc; path = CONIntroViewController.m; sourceTree = "<group>"; };
		BC6A21461A4EF9E900ECFDB0 /* CONSettingsViewController.h */ = {isa = PBXFileReference; fileEncoding = 4; lastKnownFileType = sourcecode.c.h; path = CONSettingsViewController.h; sourceTree = "<group>"; };
		BC6A21471A4EF9E900ECFDB0 /* CONSettingsViewController.m */ = {isa = PBXFileReference; fileEncoding = 4; lastKnownFileType = sourcecode.c.objc; path = CONSettingsViewController.m; sourceTree = "<group>"; };
		BC6A21491A4F060A00ECFDB0 /* CONPushNotificationSettingsViewController.h */ = {isa = PBXFileReference; fileEncoding = 4; lastKnownFileType = sourcecode.c.h; path = CONPushNotificationSettingsViewController.h; sourceTree = "<group>"; };
		BC6A214A1A4F060A00ECFDB0 /* CONPushNotificationSettingsViewController.m */ = {isa = PBXFileReference; fileEncoding = 4; lastKnownFileType = sourcecode.c.objc; path = CONPushNotificationSettingsViewController.m; sourceTree = "<group>"; };
		BC82D0DC1A793DAD00139B57 /* UIColor+InitAdditions.h */ = {isa = PBXFileReference; fileEncoding = 4; lastKnownFileType = sourcecode.c.h; path = "UIColor+InitAdditions.h"; sourceTree = "<group>"; };
		BC82D0DD1A793DAD00139B57 /* UIColor+InitAdditions.m */ = {isa = PBXFileReference; fileEncoding = 4; lastKnownFileType = sourcecode.c.objc; path = "UIColor+InitAdditions.m"; sourceTree = "<group>"; };
		BC9F04491A39D88100088C96 /* CONSignUpViewController.h */ = {isa = PBXFileReference; fileEncoding = 4; lastKnownFileType = sourcecode.c.h; path = CONSignUpViewController.h; sourceTree = "<group>"; };
		BC9F044A1A39D88100088C96 /* CONSignUpViewController.m */ = {isa = PBXFileReference; fileEncoding = 4; lastKnownFileType = sourcecode.c.objc; path = CONSignUpViewController.m; sourceTree = "<group>"; };
		BC9F044C1A39E3D600088C96 /* CONSignupAttempt.h */ = {isa = PBXFileReference; fileEncoding = 4; lastKnownFileType = sourcecode.c.h; path = CONSignupAttempt.h; sourceTree = "<group>"; };
		BC9F044D1A39E3D600088C96 /* CONSignupAttempt.m */ = {isa = PBXFileReference; fileEncoding = 4; lastKnownFileType = sourcecode.c.objc; path = CONSignupAttempt.m; sourceTree = "<group>"; };
		BC9F3F8C1A821C6F00629745 /* SVModalWebViewController.h */ = {isa = PBXFileReference; fileEncoding = 4; lastKnownFileType = sourcecode.c.h; path = SVModalWebViewController.h; sourceTree = "<group>"; };
		BC9F3F8D1A821C6F00629745 /* SVModalWebViewController.m */ = {isa = PBXFileReference; fileEncoding = 4; lastKnownFileType = sourcecode.c.objc; path = SVModalWebViewController.m; sourceTree = "<group>"; };
		BC9F3F8E1A821C6F00629745 /* SVWebViewController.bundle */ = {isa = PBXFileReference; lastKnownFileType = "wrapper.plug-in"; path = SVWebViewController.bundle; sourceTree = "<group>"; };
		BC9F3F8F1A821C6F00629745 /* SVWebViewController.h */ = {isa = PBXFileReference; fileEncoding = 4; lastKnownFileType = sourcecode.c.h; path = SVWebViewController.h; sourceTree = "<group>"; };
		BC9F3F901A821C6F00629745 /* SVWebViewController.m */ = {isa = PBXFileReference; fileEncoding = 4; lastKnownFileType = sourcecode.c.objc; path = SVWebViewController.m; sourceTree = "<group>"; };
		BC9F3F911A821C6F00629745 /* SVWebViewController.strings */ = {isa = PBXFileReference; fileEncoding = 4; lastKnownFileType = text.plist.strings; path = SVWebViewController.strings; sourceTree = "<group>"; };
		BC9F3F971A821C9B00629745 /* SVWebViewControllerActivity.h */ = {isa = PBXFileReference; fileEncoding = 4; lastKnownFileType = sourcecode.c.h; path = SVWebViewControllerActivity.h; sourceTree = "<group>"; };
		BC9F3F981A821C9B00629745 /* SVWebViewControllerActivity.m */ = {isa = PBXFileReference; fileEncoding = 4; lastKnownFileType = sourcecode.c.objc; path = SVWebViewControllerActivity.m; sourceTree = "<group>"; };
		BC9F3F9B1A821CBF00629745 /* SVWebViewControllerActivitySafari-iPad.png */ = {isa = PBXFileReference; lastKnownFileType = image.png; path = "SVWebViewControllerActivitySafari-iPad.png"; sourceTree = "<group>"; };
		BC9F3F9C1A821CBF00629745 /* SVWebViewControllerActivitySafari-iPad@2x.png */ = {isa = PBXFileReference; lastKnownFileType = image.png; path = "SVWebViewControllerActivitySafari-iPad@2x.png"; sourceTree = "<group>"; };
		BC9F3F9D1A821CBF00629745 /* SVWebViewControllerActivitySafari.h */ = {isa = PBXFileReference; fileEncoding = 4; lastKnownFileType = sourcecode.c.h; path = SVWebViewControllerActivitySafari.h; sourceTree = "<group>"; };
		BC9F3F9E1A821CBF00629745 /* SVWebViewControllerActivitySafari.m */ = {isa = PBXFileReference; fileEncoding = 4; lastKnownFileType = sourcecode.c.objc; path = SVWebViewControllerActivitySafari.m; sourceTree = "<group>"; };
		BC9F3F9F1A821CBF00629745 /* SVWebViewControllerActivitySafari@2x.png */ = {isa = PBXFileReference; lastKnownFileType = image.png; path = "SVWebViewControllerActivitySafari@2x.png"; sourceTree = "<group>"; };
		BC9F3FA51A821CD400629745 /* SVWebViewControllerActivityChrome-iPad.png */ = {isa = PBXFileReference; lastKnownFileType = image.png; path = "SVWebViewControllerActivityChrome-iPad.png"; sourceTree = "<group>"; };
		BC9F3FA61A821CD400629745 /* SVWebViewControllerActivityChrome-iPad@2x.png */ = {isa = PBXFileReference; lastKnownFileType = image.png; path = "SVWebViewControllerActivityChrome-iPad@2x.png"; sourceTree = "<group>"; };
		BC9F3FA71A821CD400629745 /* SVWebViewControllerActivityChrome.h */ = {isa = PBXFileReference; fileEncoding = 4; lastKnownFileType = sourcecode.c.h; path = SVWebViewControllerActivityChrome.h; sourceTree = "<group>"; };
		BC9F3FA81A821CD400629745 /* SVWebViewControllerActivityChrome.m */ = {isa = PBXFileReference; fileEncoding = 4; lastKnownFileType = sourcecode.c.objc; path = SVWebViewControllerActivityChrome.m; sourceTree = "<group>"; };
		BC9F3FA91A821CD400629745 /* SVWebViewControllerActivityChrome@2x.png */ = {isa = PBXFileReference; lastKnownFileType = image.png; path = "SVWebViewControllerActivityChrome@2x.png"; sourceTree = "<group>"; };
		BCB748E21A643D8F00044872 /* CONNotificationSetting.h */ = {isa = PBXFileReference; fileEncoding = 4; lastKnownFileType = sourcecode.c.h; path = CONNotificationSetting.h; sourceTree = "<group>"; };
		BCB748E31A643D8F00044872 /* CONNotificationSetting.m */ = {isa = PBXFileReference; fileEncoding = 4; lastKnownFileType = sourcecode.c.objc; path = CONNotificationSetting.m; sourceTree = "<group>"; };
		BCD46B3C1A7138BE0065E1D4 /* HPGrowingTextView.h */ = {isa = PBXFileReference; fileEncoding = 4; lastKnownFileType = sourcecode.c.h; path = HPGrowingTextView.h; sourceTree = "<group>"; };
		BCD46B3D1A7138BE0065E1D4 /* HPGrowingTextView.m */ = {isa = PBXFileReference; fileEncoding = 4; lastKnownFileType = sourcecode.c.objc; path = HPGrowingTextView.m; sourceTree = "<group>"; };
		BCD46B3E1A7138BE0065E1D4 /* HPTextViewInternal.h */ = {isa = PBXFileReference; fileEncoding = 4; lastKnownFileType = sourcecode.c.h; path = HPTextViewInternal.h; sourceTree = "<group>"; };
		BCD46B3F1A7138BE0065E1D4 /* HPTextViewInternal.m */ = {isa = PBXFileReference; fileEncoding = 4; lastKnownFileType = sourcecode.c.objc; path = HPTextViewInternal.m; sourceTree = "<group>"; };
		BCD46B421A7147170065E1D4 /* CONCommentTextView.h */ = {isa = PBXFileReference; fileEncoding = 4; lastKnownFileType = sourcecode.c.h; path = CONCommentTextView.h; sourceTree = "<group>"; };
		BCD46B431A7147170065E1D4 /* CONCommentTextView.m */ = {isa = PBXFileReference; fileEncoding = 4; lastKnownFileType = sourcecode.c.objc; path = CONCommentTextView.m; sourceTree = "<group>"; };
		BCD488541A498EBD00751A6E /* MainWindow.xib */ = {isa = PBXFileReference; fileEncoding = 4; lastKnownFileType = file.xib; path = MainWindow.xib; sourceTree = "<group>"; };
		BCD9F7E71A7AA39C00F9811B /* CONFollowersViewController.h */ = {isa = PBXFileReference; fileEncoding = 4; lastKnownFileType = sourcecode.c.h; path = CONFollowersViewController.h; sourceTree = "<group>"; };
		BCD9F7E81A7AA39C00F9811B /* CONFollowersViewController.m */ = {isa = PBXFileReference; fileEncoding = 4; lastKnownFileType = sourcecode.c.objc; path = CONFollowersViewController.m; sourceTree = "<group>"; };
		BCD9F7EA1A7AB8E200F9811B /* CONFollowingViewController.h */ = {isa = PBXFileReference; fileEncoding = 4; lastKnownFileType = sourcecode.c.h; path = CONFollowingViewController.h; sourceTree = "<group>"; };
		BCD9F7EB1A7AB8E200F9811B /* CONFollowingViewController.m */ = {isa = PBXFileReference; fileEncoding = 4; lastKnownFileType = sourcecode.c.objc; path = CONFollowingViewController.m; sourceTree = "<group>"; };
		BCD9F8001A7BD5EF00F9811B /* CONInstagramMedium.h */ = {isa = PBXFileReference; fileEncoding = 4; lastKnownFileType = sourcecode.c.h; path = CONInstagramMedium.h; sourceTree = "<group>"; };
		BCD9F8011A7BD5EF00F9811B /* CONInstagramMedium.m */ = {isa = PBXFileReference; fileEncoding = 4; lastKnownFileType = sourcecode.c.objc; path = CONInstagramMedium.m; sourceTree = "<group>"; };
		C9FB329152595BCD29D9D8AA /* UIColor+CreateMethods.m */ = {isa = PBXFileReference; fileEncoding = 4; lastKnownFileType = sourcecode.c.objc; path = "UIColor+CreateMethods.m"; sourceTree = "<group>"; };
		C9FB344B276308A0E366A45F /* CONDemoTag.h */ = {isa = PBXFileReference; fileEncoding = 4; lastKnownFileType = sourcecode.c.h; path = CONDemoTag.h; sourceTree = "<group>"; };
		C9FB3603C366E3750566773D /* CONImageOverlay.h */ = {isa = PBXFileReference; fileEncoding = 4; lastKnownFileType = sourcecode.c.h; path = CONImageOverlay.h; sourceTree = "<group>"; };
		C9FB38A212646C23B10A6DD7 /* UIColor+CreateMethods.h */ = {isa = PBXFileReference; fileEncoding = 4; lastKnownFileType = sourcecode.c.h; path = "UIColor+CreateMethods.h"; sourceTree = "<group>"; };
		C9FB3B0756BB25ED48C177CC /* CONDemoTag.m */ = {isa = PBXFileReference; fileEncoding = 4; lastKnownFileType = sourcecode.c.objc; path = CONDemoTag.m; sourceTree = "<group>"; };
		C9FB3FF3860263740FD51EC9 /* CONImageOverlay.m */ = {isa = PBXFileReference; fileEncoding = 4; lastKnownFileType = sourcecode.c.objc; path = CONImageOverlay.m; sourceTree = "<group>"; };
		E7ADD4BC17BEA09500E975E2 /* TTTTimeIntervalFormatter.h */ = {isa = PBXFileReference; fileEncoding = 4; lastKnownFileType = sourcecode.c.h; path = TTTTimeIntervalFormatter.h; sourceTree = "<group>"; };
		E7ADD4BD17BEA09500E975E2 /* TTTTimeIntervalFormatter.m */ = {isa = PBXFileReference; fileEncoding = 4; lastKnownFileType = sourcecode.c.objc; path = TTTTimeIntervalFormatter.m; sourceTree = "<group>"; };
		E7ADD4BF17BEA09500E975E2 /* UIImage+ImageEffects.h */ = {isa = PBXFileReference; fileEncoding = 4; lastKnownFileType = sourcecode.c.h; path = "UIImage+ImageEffects.h"; sourceTree = "<group>"; };
		E7ADD4C017BEA09500E975E2 /* UIImage+ImageEffects.m */ = {isa = PBXFileReference; fileEncoding = 4; lastKnownFileType = sourcecode.c.objc; path = "UIImage+ImageEffects.m"; sourceTree = "<group>"; };
		FC6EB0D9AA47FEBCDCD7B557 /* Pods.debug.xcconfig */ = {isa = PBXFileReference; includeInIndex = 1; lastKnownFileType = text.xcconfig; name = Pods.debug.xcconfig; path = "Pods/Target Support Files/Pods/Pods.debug.xcconfig"; sourceTree = "<group>"; };
/* End PBXFileReference section */

/* Begin PBXFrameworksBuildPhase section */
		09ABC06A13A1D52D009C3FCF /* Frameworks */ = {
			isa = PBXFrameworksBuildPhase;
			buildActionMask = 2147483647;
			files = (
				05BBA5861C91DF590007124A /* UIKit.framework in Frameworks */,
				05C77DC11C8B5F640066C1F5 /* libsqlite3.tbd in Frameworks */,
				05B53CAE1C93C166003B9C47 /* ParseUI.framework in Frameworks */,
				05C77DBF1C8B5F530066C1F5 /* libstdc++.6.tbd in Frameworks */,
				059881321A257E64006AD82A /* Crashlytics.framework in Frameworks */,
				059881331A257E64006AD82A /* Fabric.framework in Frameworks */,
				05B53CB01C93C166003B9C47 /* Parse.framework in Frameworks */,
				1723DFB4A43E7E11E1C5DEA3 /* Pods.framework in Frameworks */,
			);
			runOnlyForDeploymentPostprocessing = 0;
		};
/* End PBXFrameworksBuildPhase section */

/* Begin PBXGroup section */
		05BBA0741C9120440007124A /* AdvanceSample3 */ = {
			isa = PBXGroup;
			children = (
				05BBA0751C9120440007124A /* ActivityView.swift */,
				05BBA0A21C912D820007124A /* ActivityView2.swift */,
				05BBA5811C91429C0007124A /* ActivityView4.swift */,
				05BBA5821C91429C0007124A /* ActivityViewController4.swift */,
				05BBA0761C9120440007124A /* ActivityViewController.swift */,
				05BBA57D1C9139010007124A /* ActivityView3.swift */,
				05BBA57E1C9139010007124A /* ActivityViewController3.swift */,
				05BBA0A01C912D7B0007124A /* ActivityViewController2.swift */,
				05BBA0781C9120440007124A /* Assets.xcassets */,
				05BBA07B1C9120440007124A /* BrowserView.swift */,
				05BBA07C1C9120440007124A /* BrowserViewController.swift */,
				05BBA07D1C9120440007124A /* CoverView.swift */,
				05BBA0A41C912E510007124A /* DirectManipulationGestureRecognizer.swift */,
				05BBA0A51C912E510007124A /* SimpleTransform.swift */,
				05BBA07E1C9120440007124A /* DemoViewController.swift */,
			);
			path = AdvanceSample3;
			sourceTree = "<group>";
		};
		09ABC06213A1D52D009C3FCF = {
			isa = PBXGroup;
			children = (
				05BBA0731C911A210007124A /* Standout-Bridging-Header.h */,
				05C77DC01C8B5F640066C1F5 /* libsqlite3.tbd */,
				05C77DBE1C8B5F530066C1F5 /* libstdc++.6.tbd */,
				052965121C85610800B98183 /* TSMessagesDefaultDesign.json */,
				0529650C1C85609500B98183 /* FontAwesome.otf */,
				0529650D1C85609500B98183 /* foundation-icons.ttf */,
				0529650E1C85609500B98183 /* ionicons.ttf */,
				0529650F1C85609500B98183 /* zocial-regular-webfont.ttf */,
				050C80F81C79264F00798AD0 /* ionicons.ttf */,
				050C80F61C79202000798AD0 /* FontAwesome.otf */,
				050C80F51C791FF300798AD0 /* FontAwesome.otf */,
				05D9145A1B9DF659008C26C2 /* FontAwesome.otf */,
				09ABC07713A1D52D009C3FCF /* Pera */,
				E7ADD44517BEA09500E975E2 /* Vendor */,
				09ABC06E13A1D52D009C3FCF /* Products */,
				C4CD7502EDD9F92F003405E5 /* Pods */,
				D73A2DE0A31B8544170CC55C /* Frameworks */,
			);
			sourceTree = "<group>";
		};
		09ABC06E13A1D52D009C3FCF /* Products */ = {
			isa = PBXGroup;
			children = (
				09ABC06D13A1D52D009C3FCF /* Standout.app */,
			);
			name = Products;
			sourceTree = "<group>";
		};
		09ABC07713A1D52D009C3FCF /* Pera */ = {
			isa = PBXGroup;
			children = (
				E7ADD51917BEA34A00E975E2 /* Categories */,
				C4A89497155879FC00DC57D3 /* Views */,
				C4A89496155879F600DC57D3 /* Controllers */,
				BC19D29D1A25FF62002B9944 /* Models */,
				BC2138CD1A24D49B003DD8C4 /* AppDelegate.h */,
				BC2138CE1A24D49B003DD8C4 /* AppDelegate.m */,
				BC2138CF1A24D49B003DD8C4 /* PAPCache.h */,
				BC2138D01A24D49B003DD8C4 /* PAPCache.m */,
				BC2138D11A24D49B003DD8C4 /* PAPConstants.h */,
				05BBA0741C9120440007124A /* AdvanceSample3 */,
				BC2138D21A24D49B003DD8C4 /* PAPConstants.m */,
				BC2138D31A24D49B003DD8C4 /* PAPUtility.h */,
				BC2138D41A24D49B003DD8C4 /* PAPUtility.m */,
				C4B60864155B085600EFA90C /* Resources */,
				09ABC07813A1D52D009C3FCF /* Supporting Files */,
			);
			name = Pera;
			path = TFashion;
			sourceTree = "<group>";
		};
		09ABC07813A1D52D009C3FCF /* Supporting Files */ = {
			isa = PBXGroup;
			children = (
				052C49241C8AC6D30077F80B /* Info.plist */,
				BC09CAEA1A309456001F8DC8 /* main.m */,
				BC09CAEB1A309456001F8DC8 /* Prefix.pch */,
				BC09CAE11A3091E5001F8DC8 /* InfoPlist.strings */,
				BC21390E1A24D788003DD8C4 /* Entitlements.plist */,
			);
			name = "Supporting Files";
			sourceTree = "<group>";
		};
		74A504E21565F0C200CFA4E3 /* UITableViewCells */ = {
			isa = PBXGroup;
			children = (
				C46AEBF8157FE078009CBA03 /* PAPBaseTextCell */,
				BC2139031A24D775003DD8C4 /* PAPLoadMoreCell.h */,
				BC2139041A24D775003DD8C4 /* PAPLoadMoreCell.m */,
				BC2139051A24D775003DD8C4 /* PAPPhotoCell.h */,
				BC2139061A24D775003DD8C4 /* PAPPhotoCell.m */,
				050423A41B2C0914006A1B02 /* CONPhotoTagProtocol.h */,
				050423A51B2C096F006A1B02 /* CONTagPopover.h */,
				050423A61B2C096F006A1B02 /* CONTagPopover.m */,
				C9FB3B0756BB25ED48C177CC /* CONDemoTag.m */,
				C9FB344B276308A0E366A45F /* CONDemoTag.h */,
			);
			name = UITableViewCells;
			sourceTree = "<group>";
		};
		74A504E31565F0E400CFA4E3 /* TimelineViews */ = {
			isa = PBXGroup;
			children = (
				BC21391B1A24D788003DD8C4 /* PAPPhotoDetailsTableViewControllerViewController.h */,
				BC21391C1A24D788003DD8C4 /* PAPPhotoDetailsTableViewControllerViewController.m */,
			);
			name = TimelineViews;
			sourceTree = "<group>";
		};
		74A504E41565F13C00CFA4E3 /* Detail */ = {
			isa = PBXGroup;
			children = (
				BC2138E21A24D561003DD8C4 /* PAPPhotoDetailsViewController.h */,
				BC2138E31A24D561003DD8C4 /* PAPPhotoDetailsViewController.m */,
			);
			name = Detail;
			sourceTree = "<group>";
		};
		74A504E51565F17E00CFA4E3 /* Login */ = {
			isa = PBXGroup;
			children = (
				BC2138F41A24D706003DD8C4 /* PAPLogInViewController.h */,
				BC2138F51A24D706003DD8C4 /* PAPLogInViewController.m */,
				BC2138F61A24D706003DD8C4 /* PAPWelcomeViewController.h */,
				BC2138F71A24D706003DD8C4 /* PAPWelcomeViewController.m */,
			);
			name = Login;
			sourceTree = "<group>";
		};
		74B86B911562DB2600CAFFD2 /* PhotoDetailsViews */ = {
			isa = PBXGroup;
			children = (
				BCD46B421A7147170065E1D4 /* CONCommentTextView.h */,
				BCD46B431A7147170065E1D4 /* CONCommentTextView.m */,
				BC54066C1A24DE7300CB0AC6 /* PAPPhotoHeaderView.h */,
				BC54066D1A24DE7300CB0AC6 /* PAPPhotoHeaderView.m */,
				BC2139191A24D788003DD8C4 /* PAPPhotoDetailsHeaderView.h */,
				BC21391A1A24D788003DD8C4 /* PAPPhotoDetailsHeaderView.m */,
				C9FB3FF3860263740FD51EC9 /* CONImageOverlay.m */,
				C9FB3603C366E3750566773D /* CONImageOverlay.h */,
			);
			name = PhotoDetailsViews;
			sourceTree = "<group>";
		};
		BC19D29D1A25FF62002B9944 /* Models */ = {
			isa = PBXGroup;
			children = (
				BCD9F7FF1A7BD5CC00F9811B /* API */,
				BCD9F7FE1A7BD5B000F9811B /* Parse */,
			);
			name = Models;
			sourceTree = "<group>";
		};
		BC62935D1A5408400080F506 /* Invite */ = {
			isa = PBXGroup;
			children = (
				BC2138DC1A24D51B003DD8C4 /* PAPFindFriendsViewController.h */,
				BC2138DD1A24D51B003DD8C4 /* PAPFindFriendsViewController.m */,
				BC64A3471A485DC100452469 /* CONInviteFriendsViewController.h */,
				BC64A3481A485DC100452469 /* CONInviteFriendsViewController.m */,
			);
			name = Invite;
			sourceTree = "<group>";
		};
		BC62935E1A5408520080F506 /* Share */ = {
			isa = PBXGroup;
			children = (
				BC139CDA1A2DCC8700F1F3E5 /* CONShareSettingsViewController.h */,
				BC139CDB1A2DCC8700F1F3E5 /* CONShareSettingsViewController.m */,
				BC6293601A5437A50080F506 /* CONProviderDetailViewController.h */,
				BC6293611A5437A50080F506 /* CONProviderDetailViewController.m */,
			);
			name = Share;
			sourceTree = "<group>";
		};
		BC62935F1A5408680080F506 /* Notification */ = {
			isa = PBXGroup;
			children = (
				BC6A21491A4F060A00ECFDB0 /* CONPushNotificationSettingsViewController.h */,
				BC6A214A1A4F060A00ECFDB0 /* CONPushNotificationSettingsViewController.m */,
			);
			name = Notification;
			sourceTree = "<group>";
		};
		BC64A3371A484C1500452469 /* THContactPicker */ = {
			isa = PBXGroup;
			children = (
				BC64A3381A484C2C00452469 /* THContactViewStyle.h */,
				BC64A3391A484C2C00452469 /* THContactViewStyle.m */,
				BC64A33A1A484C2C00452469 /* THContactView.h */,
				BC64A33B1A484C2C00452469 /* THContactView.m */,
				BC64A33C1A484C2C00452469 /* THContactPickerView.h */,
				BC64A33D1A484C2C00452469 /* THContactPickerView.m */,
				BC64A33E1A484C2C00452469 /* THContactTextField.h */,
				BC64A33F1A484C2C00452469 /* THContactTextField.m */,
			);
			name = THContactPicker;
			sourceTree = "<group>";
		};
		BC6A21401A4C0A1000ECFDB0 /* Intro */ = {
			isa = PBXGroup;
			children = (
				BC6A21411A4C12F800ECFDB0 /* CONIntroViewController.h */,
				BC6A21421A4C12F800ECFDB0 /* CONIntroViewController.m */,
				055A01861B3F567900BB3E92 /* CONV2IntroViewController.h */,
				055A01871B3F567900BB3E92 /* CONV2IntroViewController.m */,
				055A01881B3F567900BB3E92 /* CONV2IntroViewController.xib */,
			);
			name = Intro;
			sourceTree = "<group>";
		};
		BC9F04451A39D73400088C96 /* Sign Up */ = {
			isa = PBXGroup;
			children = (
				BC9F04491A39D88100088C96 /* CONSignUpViewController.h */,
				BC9F044A1A39D88100088C96 /* CONSignUpViewController.m */,
				B802D1681B49B0A600E83656 /* CONSignUpViewController.xib */,
			);
			name = "Sign Up";
			sourceTree = "<group>";
		};
		BC9F3F8B1A821C1800629745 /* SVWebViewController */ = {
			isa = PBXGroup;
			children = (
				BC9F3F8C1A821C6F00629745 /* SVModalWebViewController.h */,
				BC9F3F8D1A821C6F00629745 /* SVModalWebViewController.m */,
				BC9F3F8E1A821C6F00629745 /* SVWebViewController.bundle */,
				BC9F3F8F1A821C6F00629745 /* SVWebViewController.h */,
				BC9F3F901A821C6F00629745 /* SVWebViewController.m */,
				BC9F3F911A821C6F00629745 /* SVWebViewController.strings */,
				BC9F3F961A821C7800629745 /* UIActivities */,
			);
			name = SVWebViewController;
			sourceTree = "<group>";
		};
		BC9F3F961A821C7800629745 /* UIActivities */ = {
			isa = PBXGroup;
			children = (
				BC9F3F971A821C9B00629745 /* SVWebViewControllerActivity.h */,
				BC9F3F981A821C9B00629745 /* SVWebViewControllerActivity.m */,
				BC9F3F9A1A821CAC00629745 /* Safari */,
				BC9F3FA41A821CC300629745 /* Chrome */,
			);
			name = UIActivities;
			sourceTree = "<group>";
		};
		BC9F3F9A1A821CAC00629745 /* Safari */ = {
			isa = PBXGroup;
			children = (
				BC9F3F9B1A821CBF00629745 /* SVWebViewControllerActivitySafari-iPad.png */,
				BC9F3F9C1A821CBF00629745 /* SVWebViewControllerActivitySafari-iPad@2x.png */,
				BC9F3F9D1A821CBF00629745 /* SVWebViewControllerActivitySafari.h */,
				BC9F3F9E1A821CBF00629745 /* SVWebViewControllerActivitySafari.m */,
				BC9F3F9F1A821CBF00629745 /* SVWebViewControllerActivitySafari@2x.png */,
			);
			name = Safari;
			sourceTree = "<group>";
		};
		BC9F3FA41A821CC300629745 /* Chrome */ = {
			isa = PBXGroup;
			children = (
				BC9F3FA51A821CD400629745 /* SVWebViewControllerActivityChrome-iPad.png */,
				BC9F3FA61A821CD400629745 /* SVWebViewControllerActivityChrome-iPad@2x.png */,
				BC9F3FA71A821CD400629745 /* SVWebViewControllerActivityChrome.h */,
				BC9F3FA81A821CD400629745 /* SVWebViewControllerActivityChrome.m */,
				BC9F3FA91A821CD400629745 /* SVWebViewControllerActivityChrome@2x.png */,
			);
			name = Chrome;
			sourceTree = "<group>";
		};
		BCD46B3B1A7138A90065E1D4 /* GrowingTextView */ = {
			isa = PBXGroup;
			children = (
				BCD46B3C1A7138BE0065E1D4 /* HPGrowingTextView.h */,
				BCD46B3D1A7138BE0065E1D4 /* HPGrowingTextView.m */,
				BCD46B3E1A7138BE0065E1D4 /* HPTextViewInternal.h */,
				BCD46B3F1A7138BE0065E1D4 /* HPTextViewInternal.m */,
			);
			name = GrowingTextView;
			sourceTree = "<group>";
		};
		BCD4884C1A49710300751A6E /* Feed */ = {
			isa = PBXGroup;
			children = (
			);
			name = Feed;
			sourceTree = "<group>";
		};
		BCD9F7E61A7AA34600F9811B /* Profile */ = {
			isa = PBXGroup;
			children = (
				BC2138EB1A24D64A003DD8C4 /* PAPAccountViewController.h */,
				BC2138EC1A24D64A003DD8C4 /* PAPAccountViewController.m */,
				BCD9F7E71A7AA39C00F9811B /* CONFollowersViewController.h */,
				BCD9F7E81A7AA39C00F9811B /* CONFollowersViewController.m */,
				BCD9F7EA1A7AB8E200F9811B /* CONFollowingViewController.h */,
				BCD9F7EB1A7AB8E200F9811B /* CONFollowingViewController.m */,
			);
			name = Profile;
			sourceTree = "<group>";
		};
		BCD9F7FE1A7BD5B000F9811B /* Parse */ = {
			isa = PBXGroup;
			children = (
				BC09CAD11A3090AA001F8DC8 /* CONContact.h */,
				BC09CAD21A3090AA001F8DC8 /* CONContact.m */,
				BC64A34A1A48617E00452469 /* CONInviteRequest.h */,
				BC64A34B1A48617E00452469 /* CONInviteRequest.m */,
				BCB748E21A643D8F00044872 /* CONNotificationSetting.h */,
				BCB748E31A643D8F00044872 /* CONNotificationSetting.m */,
				BC9F044C1A39E3D600088C96 /* CONSignupAttempt.h */,
				BC9F044D1A39E3D600088C96 /* CONSignupAttempt.m */,
				BC62935A1A53C28B0080F506 /* CONSocialAccount.h */,
				BC62935B1A53C28B0080F506 /* CONSocialAccount.m */,
			);
			name = Parse;
			sourceTree = "<group>";
		};
		BCD9F7FF1A7BD5CC00F9811B /* API */ = {
			isa = PBXGroup;
			children = (
				BCD9F8001A7BD5EF00F9811B /* CONInstagramMedium.h */,
				BCD9F8011A7BD5EF00F9811B /* CONInstagramMedium.m */,
			);
			name = API;
			sourceTree = "<group>";
		};
		C46AEBF8157FE078009CBA03 /* PAPBaseTextCell */ = {
			isa = PBXGroup;
			children = (
				BC21390F1A24D788003DD8C4 /* PAPActivityCell.h */,
				BC2139101A24D788003DD8C4 /* PAPActivityCell.m */,
				BC2139111A24D788003DD8C4 /* PAPBaseTextCell.h */,
				BC2139121A24D788003DD8C4 /* PAPBaseTextCell.m */,
				BC2139131A24D788003DD8C4 /* PAPFindFriendsCell.h */,
				BC2139141A24D788003DD8C4 /* PAPFindFriendsCell.m */,
			);
			name = PAPBaseTextCell;
			sourceTree = "<group>";
		};
		C4A894921558795F00DC57D3 /* Home */ = {
			isa = PBXGroup;
			children = (
				BC2138ED1A24D64A003DD8C4 /* PAPHomeViewController.h */,
				BC2138EE1A24D64A003DD8C4 /* PAPHomeViewController.m */,
				BC2138EF1A24D64A003DD8C4 /* PAPPhotoTimelineViewController.h */,
				BC2138F01A24D64A003DD8C4 /* PAPPhotoTimelineViewController.m */,
			);
			name = Home;
			sourceTree = "<group>";
		};
		C4A894931558796400DC57D3 /* Settings */ = {
			isa = PBXGroup;
			children = (
				BC62935D1A5408400080F506 /* Invite */,
				BC62935F1A5408680080F506 /* Notification */,
				BC62935E1A5408520080F506 /* Share */,
				BC6A21461A4EF9E900ECFDB0 /* CONSettingsViewController.h */,
				BC6A21471A4EF9E900ECFDB0 /* CONSettingsViewController.m */,
			);
			name = Settings;
			sourceTree = "<group>";
		};
		C4A894941558796C00DC57D3 /* Take Photo */ = {
			isa = PBXGroup;
			children = (
				BC2138E81A24D5A0003DD8C4 /* PAPEditPhotoViewController.h */,
				BC2138E91A24D5A0003DD8C4 /* PAPEditPhotoViewController.m */,
			);
			name = "Take Photo";
			sourceTree = "<group>";
		};
		C4A89496155879F600DC57D3 /* Controllers */ = {
			isa = PBXGroup;
			children = (
				C4BB4B85156D5CB7008B4B56 /* Activity */,
				74A504E41565F13C00CFA4E3 /* Detail */,
				BCD4884C1A49710300751A6E /* Feed */,
				C4A894921558795F00DC57D3 /* Home */,
				BC6A21401A4C0A1000ECFDB0 /* Intro */,
				74A504E51565F17E00CFA4E3 /* Login */,
				BCD9F7E61A7AA34600F9811B /* Profile */,
				C4A894931558796400DC57D3 /* Settings */,
				BC9F04451A39D73400088C96 /* Sign Up */,
				C4A894941558796C00DC57D3 /* Take Photo */,
				BC2138D91A24D4EE003DD8C4 /* PAPTabBarController.h */,
				BC2138DA1A24D4EE003DD8C4 /* PAPTabBarController.m */,
			);
			name = Controllers;
			sourceTree = "<group>";
		};
		C4A89497155879FC00DC57D3 /* Views */ = {
			isa = PBXGroup;
			children = (
				74A504E31565F0E400CFA4E3 /* TimelineViews */,
				74B86B911562DB2600CAFFD2 /* PhotoDetailsViews */,
				74A504E21565F0C200CFA4E3 /* UITableViewCells */,
				BC2138FA1A24D749003DD8C4 /* PAPImageView.h */,
				BC2138FB1A24D749003DD8C4 /* PAPImageView.m */,
				BC2138FC1A24D749003DD8C4 /* PAPProfileImageView.h */,
				BC2138FD1A24D749003DD8C4 /* PAPProfileImageView.m */,
				BC2138FE1A24D749003DD8C4 /* PAPSettingsButtonItem.h */,
				BC2138FF1A24D74A003DD8C4 /* PAPSettingsButtonItem.m */,
			);
			name = Views;
			sourceTree = "<group>";
		};
		C4B60864155B085600EFA90C /* Resources */ = {
			isa = PBXGroup;
			children = (
				BCD488541A498EBD00751A6E /* MainWindow.xib */,
				BC19D2A61A278686002B9944 /* Images.xcassets */,
			);
			path = Resources;
			sourceTree = SOURCE_ROOT;
		};
		C4BB4B85156D5CB7008B4B56 /* Activity */ = {
			isa = PBXGroup;
			children = (
				BC2138E51A24D577003DD8C4 /* PAPActivityFeedViewController.h */,
				BC2138E61A24D577003DD8C4 /* PAPActivityFeedViewController.m */,
			);
			name = Activity;
			sourceTree = "<group>";
		};
		C4CD7502EDD9F92F003405E5 /* Pods */ = {
			isa = PBXGroup;
			children = (
				FC6EB0D9AA47FEBCDCD7B557 /* Pods.debug.xcconfig */,
				192EAD6B2595B13292D939E6 /* Pods.release.xcconfig */,
				6CCCF19ADF46CF4E4A039B76 /* Pods.ad hoc.xcconfig */,
				AC0A015B22A032758BB65FAC /* Pods.distribution.xcconfig */,
			);
			name = Pods;
			sourceTree = "<group>";
		};
		D73A2DE0A31B8544170CC55C /* Frameworks */ = {
			isa = PBXGroup;
			children = (
				05BBA5851C91DF590007124A /* UIKit.framework */,
				3E771F4FC7423A645E872C3B /* Pods.framework */,
			);
			name = Frameworks;
			sourceTree = "<group>";
		};
		E7ADD44517BEA09500E975E2 /* Vendor */ = {
			isa = PBXGroup;
			children = (
				05B53CAA1C93C166003B9C47 /* ParseUI.framework */,
				05B53CAC1C93C166003B9C47 /* Parse.framework */,
				BC9F3F8B1A821C1800629745 /* SVWebViewController */,
				059881301A257E64006AD82A /* Crashlytics.framework */,
				059881311A257E64006AD82A /* Fabric.framework */,
				BCD46B3B1A7138A90065E1D4 /* GrowingTextView */,
				BC64A3371A484C1500452469 /* THContactPicker */,
				E7ADD4BB17BEA09500E975E2 /* TTTTimeIntervalFormatter */,
				E7ADD4BE17BEA09500E975E2 /* UIImageEffects */,
			);
			path = Vendor;
			sourceTree = "<group>";
		};
		E7ADD4BB17BEA09500E975E2 /* TTTTimeIntervalFormatter */ = {
			isa = PBXGroup;
			children = (
				E7ADD4BC17BEA09500E975E2 /* TTTTimeIntervalFormatter.h */,
				E7ADD4BD17BEA09500E975E2 /* TTTTimeIntervalFormatter.m */,
			);
			path = TTTTimeIntervalFormatter;
			sourceTree = "<group>";
		};
		E7ADD4BE17BEA09500E975E2 /* UIImageEffects */ = {
			isa = PBXGroup;
			children = (
				E7ADD4BF17BEA09500E975E2 /* UIImage+ImageEffects.h */,
				E7ADD4C017BEA09500E975E2 /* UIImage+ImageEffects.m */,
			);
			path = UIImageEffects;
			sourceTree = "<group>";
		};
		E7ADD51917BEA34A00E975E2 /* Categories */ = {
			isa = PBXGroup;
			children = (
				BC2139221A24D788003DD8C4 /* UIImage+AlphaAdditions.h */,
				BC2139231A24D788003DD8C4 /* UIImage+AlphaAdditions.m */,
				BC2139241A24D788003DD8C4 /* UIImage+ResizeAdditions.h */,
				BC2139251A24D788003DD8C4 /* UIImage+ResizeAdditions.m */,
				BC2139261A24D788003DD8C4 /* UIImage+RoundedCornerAdditions.h */,
				BC2139271A24D788003DD8C4 /* UIImage+RoundedCornerAdditions.m */,
				BC82D0DC1A793DAD00139B57 /* UIColor+InitAdditions.h */,
				BC82D0DD1A793DAD00139B57 /* UIColor+InitAdditions.m */,
				C9FB329152595BCD29D9D8AA /* UIColor+CreateMethods.m */,
				C9FB38A212646C23B10A6DD7 /* UIColor+CreateMethods.h */,
			);
			name = Categories;
			path = ../Vendor;
			sourceTree = "<group>";
		};
/* End PBXGroup section */

/* Begin PBXNativeTarget section */
		09ABC06C13A1D52D009C3FCF /* Standout */ = {
			isa = PBXNativeTarget;
			buildConfigurationList = 09ABC08E13A1D52E009C3FCF /* Build configuration list for PBXNativeTarget "Standout" */;
			buildPhases = (
				878A4448CD9A2B73B98BDD49 /* Check Pods Manifest.lock */,
				09ABC06913A1D52D009C3FCF /* Sources */,
				09ABC06A13A1D52D009C3FCF /* Frameworks */,
				09ABC06B13A1D52D009C3FCF /* Resources */,
				A956C7A00485A30BE48909C5 /* Copy Pods Resources */,
				A206DEDAC378E8AAA1BC4A2D /* Embed Pods Frameworks */,
				13E045703A3C149E2F9E091F /* Upload Bugsnag dSYM */,
			);
			buildRules = (
			);
			dependencies = (
			);
			name = Standout;
			productName = ParseStarterProject;
			productReference = 09ABC06D13A1D52D009C3FCF /* Standout.app */;
			productType = "com.apple.product-type.application";
		};
/* End PBXNativeTarget section */

/* Begin PBXProject section */
		09ABC06413A1D52D009C3FCF /* Project object */ = {
			isa = PBXProject;
			attributes = {
				CLASSPREFIX = CON;
				LastUpgradeCheck = 0720;
				TargetAttributes = {
					09ABC06C13A1D52D009C3FCF = {
						DevelopmentTeam = U78SY2V4GS;
					};
				};
			};
			buildConfigurationList = 09ABC06713A1D52D009C3FCF /* Build configuration list for PBXProject "Standout" */;
			compatibilityVersion = "Xcode 3.2";
			developmentRegion = English;
			hasScannedForEncodings = 0;
			knownRegions = (
				en,
				Base,
			);
			mainGroup = 09ABC06213A1D52D009C3FCF;
			productRefGroup = 09ABC06E13A1D52D009C3FCF /* Products */;
			projectDirPath = "";
			projectRoot = "";
			targets = (
				09ABC06C13A1D52D009C3FCF /* Standout */,
			);
		};
/* End PBXProject section */

/* Begin PBXResourcesBuildPhase section */
		09ABC06B13A1D52D009C3FCF /* Resources */ = {
			isa = PBXResourcesBuildPhase;
			buildActionMask = 2147483647;
			files = (
				052965131C85610800B98183 /* TSMessagesDefaultDesign.json in Resources */,
				050C80F71C79202000798AD0 /* FontAwesome.otf in Resources */,
				05BBA08D1C9120440007124A /* Assets.xcassets in Resources */,
				052965101C85609500B98183 /* foundation-icons.ttf in Resources */,
				050C80F91C79264F00798AD0 /* ionicons.ttf in Resources */,
				052965111C85609500B98183 /* zocial-regular-webfont.ttf in Resources */,
				BC9F3FA01A821CBF00629745 /* SVWebViewControllerActivitySafari-iPad.png in Resources */,
				BC9F3F951A821C6F00629745 /* SVWebViewController.strings in Resources */,
				BCD488551A498EBD00751A6E /* MainWindow.xib in Resources */,
				055A018A1B3F567900BB3E92 /* CONV2IntroViewController.xib in Resources */,
				BC9F3FA31A821CBF00629745 /* SVWebViewControllerActivitySafari@2x.png in Resources */,
				B802D1691B49B0A600E83656 /* CONSignUpViewController.xib in Resources */,
				BC9F3F931A821C6F00629745 /* SVWebViewController.bundle in Resources */,
				BC9F3FA11A821CBF00629745 /* SVWebViewControllerActivitySafari-iPad@2x.png in Resources */,
				BC9F3FAD1A821CD400629745 /* SVWebViewControllerActivityChrome@2x.png in Resources */,
				BC9F3FAA1A821CD400629745 /* SVWebViewControllerActivityChrome-iPad.png in Resources */,
				BC19D2A71A278686002B9944 /* Images.xcassets in Resources */,
				BC09CAE31A3091E5001F8DC8 /* InfoPlist.strings in Resources */,
				BC9F3FAB1A821CD400629745 /* SVWebViewControllerActivityChrome-iPad@2x.png in Resources */,
				BC21392A1A24D788003DD8C4 /* Entitlements.plist in Resources */,
			);
			runOnlyForDeploymentPostprocessing = 0;
		};
/* End PBXResourcesBuildPhase section */

/* Begin PBXShellScriptBuildPhase section */
		13E045703A3C149E2F9E091F /* Upload Bugsnag dSYM */ = {
			isa = PBXShellScriptBuildPhase;
			buildActionMask = 2147483647;
			files = (
			);
			inputPaths = (
			);
			name = "Upload Bugsnag dSYM";
			outputPaths = (
			);
			runOnlyForDeploymentPostprocessing = 0;
			shellPath = "/usr/bin/env ruby";
			shellScript = "fork do\n  Process.setsid\n  STDIN.reopen(\"/dev/null\")\n  STDOUT.reopen(\"/dev/null\", \"a\")\n  STDERR.reopen(\"/dev/null\", \"a\")\n\n  require 'shellwords'\n\n  Dir[\"#{ENV[\"DWARF_DSYM_FOLDER_PATH\"]}/*/Contents/Resources/DWARF/*\"].each do |dsym|\n    system(\"curl -F dsym=@#{Shellwords.escape(dsym)} -F projectRoot=#{Shellwords.escape(ENV[\"PROJECT_DIR\"])} https://upload.bugsnag.com/\")\n  end\nend\n";
			showEnvVarsInLog = 0;
		};
		878A4448CD9A2B73B98BDD49 /* Check Pods Manifest.lock */ = {
			isa = PBXShellScriptBuildPhase;
			buildActionMask = 12;
			files = (
			);
			inputPaths = (
			);
			name = "Check Pods Manifest.lock";
			outputPaths = (
			);
			runOnlyForDeploymentPostprocessing = 0;
			shellPath = /bin/sh;
			shellScript = "diff \"${PODS_ROOT}/../Podfile.lock\" \"${PODS_ROOT}/Manifest.lock\" > /dev/null\nif [[ $? != 0 ]] ; then\n    cat << EOM\nerror: The sandbox is not in sync with the Podfile.lock. Run 'pod install' or update your CocoaPods installation.\nEOM\n    exit 1\nfi\n";
			showEnvVarsInLog = 0;
		};
		A206DEDAC378E8AAA1BC4A2D /* Embed Pods Frameworks */ = {
			isa = PBXShellScriptBuildPhase;
			buildActionMask = 2147483647;
			files = (
			);
			inputPaths = (
			);
			name = "Embed Pods Frameworks";
			outputPaths = (
			);
			runOnlyForDeploymentPostprocessing = 0;
			shellPath = /bin/sh;
			shellScript = "\"${SRCROOT}/Pods/Target Support Files/Pods/Pods-frameworks.sh\"\n";
			showEnvVarsInLog = 0;
		};
		A956C7A00485A30BE48909C5 /* Copy Pods Resources */ = {
			isa = PBXShellScriptBuildPhase;
			buildActionMask = 12;
			files = (
			);
			inputPaths = (
			);
			name = "Copy Pods Resources";
			outputPaths = (
			);
			runOnlyForDeploymentPostprocessing = 0;
			shellPath = /bin/sh;
			shellScript = "\"${SRCROOT}/Pods/Target Support Files/Pods/Pods-resources.sh\"\n";
			showEnvVarsInLog = 0;
		};
/* End PBXShellScriptBuildPhase section */

/* Begin PBXSourcesBuildPhase section */
		09ABC06913A1D52D009C3FCF /* Sources */ = {
			isa = PBXSourcesBuildPhase;
			buildActionMask = 2147483647;
			files = (
				BC2138F31A24D64A003DD8C4 /* PAPPhotoTimelineViewController.m in Sources */,
				05BBA57F1C9139010007124A /* ActivityView3.swift in Sources */,
				BC2138DE1A24D51B003DD8C4 /* PAPFindFriendsViewController.m in Sources */,
				BC2139371A24D788003DD8C4 /* UIImage+RoundedCornerAdditions.m in Sources */,
				050423A71B2C096F006A1B02 /* CONTagPopover.m in Sources */,
				BC2139001A24D74A003DD8C4 /* PAPImageView.m in Sources */,
				BC2139361A24D788003DD8C4 /* UIImage+ResizeAdditions.m in Sources */,
				BC21392D1A24D788003DD8C4 /* PAPFindFriendsCell.m in Sources */,
				05BBA08F1C9120440007124A /* BrowserView.swift in Sources */,
				BC9F3F921A821C6F00629745 /* SVModalWebViewController.m in Sources */,
				BC9F3F991A821C9B00629745 /* SVWebViewControllerActivity.m in Sources */,
				BC64A34C1A48617E00452469 /* CONInviteRequest.m in Sources */,
				BC2139021A24D74A003DD8C4 /* PAPSettingsButtonItem.m in Sources */,
				BC64A3421A484C2C00452469 /* THContactPickerView.m in Sources */,
				E7ADD51117BEA09500E975E2 /* TTTTimeIntervalFormatter.m in Sources */,
				BCD46B441A7147170065E1D4 /* CONCommentTextView.m in Sources */,
				BC21392B1A24D788003DD8C4 /* PAPActivityCell.m in Sources */,
				BC2138D51A24D49B003DD8C4 /* AppDelegate.m in Sources */,
				BC09CAD31A3090AA001F8DC8 /* CONContact.m in Sources */,
				BC64A3431A484C2C00452469 /* THContactTextField.m in Sources */,
				BC6A21431A4C12F800ECFDB0 /* CONIntroViewController.m in Sources */,
				BC2138D81A24D49B003DD8C4 /* PAPUtility.m in Sources */,
				BCD9F7EC1A7AB8E200F9811B /* CONFollowingViewController.m in Sources */,
				BCB748E41A643D8F00044872 /* CONNotificationSetting.m in Sources */,
				BC2138F91A24D706003DD8C4 /* PAPWelcomeViewController.m in Sources */,
				BC54066E1A24DE7300CB0AC6 /* PAPPhotoHeaderView.m in Sources */,
				055A01891B3F567900BB3E92 /* CONV2IntroViewController.m in Sources */,
				BC64A3401A484C2C00452469 /* THContactViewStyle.m in Sources */,
				BC6293621A5437A50080F506 /* CONProviderDetailViewController.m in Sources */,
				BC2138D61A24D49B003DD8C4 /* PAPCache.m in Sources */,
				05BBA08A1C9120440007124A /* ActivityView.swift in Sources */,
				BC2138F81A24D706003DD8C4 /* PAPLogInViewController.m in Sources */,
				BC2139301A24D788003DD8C4 /* PAPPhotoDetailsHeaderView.m in Sources */,
				BC9F3FA21A821CBF00629745 /* SVWebViewControllerActivitySafari.m in Sources */,
				BC2139011A24D74A003DD8C4 /* PAPProfileImageView.m in Sources */,
				05BBA0A71C912E510007124A /* SimpleTransform.swift in Sources */,
				BC9F3F941A821C6F00629745 /* SVWebViewController.m in Sources */,
				05BBA0911C9120440007124A /* CoverView.swift in Sources */,
				BC139CDC1A2DCC8700F1F3E5 /* CONShareSettingsViewController.m in Sources */,
				BCD9F8021A7BD5EF00F9811B /* CONInstagramMedium.m in Sources */,
				05BBA5841C91429C0007124A /* ActivityViewController4.swift in Sources */,
				BC2139071A24D775003DD8C4 /* PAPLoadMoreCell.m in Sources */,
				BCD46B411A7138BE0065E1D4 /* HPTextViewInternal.m in Sources */,
				05BBA0A61C912E510007124A /* DirectManipulationGestureRecognizer.swift in Sources */,
				BC64A3491A485DC100452469 /* CONInviteFriendsViewController.m in Sources */,
				BC9F3FAC1A821CD400629745 /* SVWebViewControllerActivityChrome.m in Sources */,
				BC2139311A24D788003DD8C4 /* PAPPhotoDetailsTableViewControllerViewController.m in Sources */,
				05BBA0921C9120440007124A /* DemoViewController.swift in Sources */,
				BC2138F21A24D64A003DD8C4 /* PAPHomeViewController.m in Sources */,
				BC64A3411A484C2C00452469 /* THContactView.m in Sources */,
				05BBA08B1C9120440007124A /* ActivityViewController.swift in Sources */,
				BC82D0DE1A793DAD00139B57 /* UIColor+InitAdditions.m in Sources */,
				05BBA5801C9139010007124A /* ActivityViewController3.swift in Sources */,
				05BBA0A11C912D7B0007124A /* ActivityViewController2.swift in Sources */,
				BC2138E41A24D561003DD8C4 /* PAPPhotoDetailsViewController.m in Sources */,
				BC9F044B1A39D88100088C96 /* CONSignUpViewController.m in Sources */,
				05BBA0A31C912D820007124A /* ActivityView2.swift in Sources */,
				05BBA5831C91429C0007124A /* ActivityView4.swift in Sources */,
				BC2138E71A24D577003DD8C4 /* PAPActivityFeedViewController.m in Sources */,
				BC62935C1A53C28B0080F506 /* CONSocialAccount.m in Sources */,
				BC6A21481A4EF9E900ECFDB0 /* CONSettingsViewController.m in Sources */,
				BC2138D71A24D49B003DD8C4 /* PAPConstants.m in Sources */,
				BC2139081A24D775003DD8C4 /* PAPPhotoCell.m in Sources */,
				BC2138EA1A24D5A0003DD8C4 /* PAPEditPhotoViewController.m in Sources */,
				BC2138F11A24D64A003DD8C4 /* PAPAccountViewController.m in Sources */,
				BC2139351A24D788003DD8C4 /* UIImage+AlphaAdditions.m in Sources */,
				BC9F044E1A39E3D600088C96 /* CONSignupAttempt.m in Sources */,
				BC2138DB1A24D4EE003DD8C4 /* PAPTabBarController.m in Sources */,
				BC6A214B1A4F060A00ECFDB0 /* CONPushNotificationSettingsViewController.m in Sources */,
				BCD9F7E91A7AA39C00F9811B /* CONFollowersViewController.m in Sources */,
				E7ADD51217BEA09500E975E2 /* UIImage+ImageEffects.m in Sources */,
				BC09CAED1A309456001F8DC8 /* main.m in Sources */,
				BCD46B401A7138BE0065E1D4 /* HPGrowingTextView.m in Sources */,
				BC21392C1A24D788003DD8C4 /* PAPBaseTextCell.m in Sources */,
				C9FB38FEDE265E2562D3C955 /* CONImageOverlay.m in Sources */,
				C9FB381D8EA2EE1FAFBB912E /* CONDemoTag.m in Sources */,
				05BBA0901C9120440007124A /* BrowserViewController.swift in Sources */,
				C9FB33277DA2E9983660A032 /* UIColor+CreateMethods.m in Sources */,
			);
			runOnlyForDeploymentPostprocessing = 0;
		};
/* End PBXSourcesBuildPhase section */

/* Begin PBXVariantGroup section */
		BC09CAE11A3091E5001F8DC8 /* InfoPlist.strings */ = {
			isa = PBXVariantGroup;
			children = (
				BC09CAE21A3091E5001F8DC8 /* en */,
			);
			name = InfoPlist.strings;
			sourceTree = "<group>";
		};
/* End PBXVariantGroup section */

/* Begin XCBuildConfiguration section */
		09ABC08C13A1D52E009C3FCF /* Debug */ = {
			isa = XCBuildConfiguration;
			buildSettings = {
				CLANG_WARN_BOOL_CONVERSION = YES;
				CLANG_WARN_CONSTANT_CONVERSION = YES;
				CLANG_WARN_EMPTY_BODY = YES;
				CLANG_WARN_ENUM_CONVERSION = YES;
				CLANG_WARN_INT_CONVERSION = YES;
				CLANG_WARN_UNREACHABLE_CODE = YES;
				CLANG_WARN__DUPLICATE_METHOD_MATCH = YES;
				CODE_SIGN_IDENTITY = "Apple Development IOS Push Services: io.conceive.Standout";
				DEFINES_MODULE = YES;
				ENABLE_STRICT_OBJC_MSGSEND = YES;
				ENABLE_TESTABILITY = YES;
				GCC_C_LANGUAGE_STANDARD = gnu99;
				GCC_NO_COMMON_BLOCKS = YES;
				GCC_OPTIMIZATION_LEVEL = 0;
				GCC_PREPROCESSOR_DEFINITIONS = DEBUG;
				GCC_SYMBOLS_PRIVATE_EXTERN = NO;
				GCC_TREAT_WARNINGS_AS_ERRORS = YES;
				GCC_VERSION = "";
				GCC_WARN_64_TO_32_BIT_CONVERSION = YES;
				GCC_WARN_ABOUT_RETURN_TYPE = YES;
				GCC_WARN_UNDECLARED_SELECTOR = YES;
				GCC_WARN_UNINITIALIZED_AUTOS = YES;
				GCC_WARN_UNUSED_FUNCTION = YES;
				GCC_WARN_UNUSED_VARIABLE = YES;
				HEADER_SEARCH_PATHS = "$(TARGET_TEMP_DIR)/../$(PROJECT_NAME).build/DerivedSources/**";
				INFOPLIST_FILE = Info.plist;
				IPHONEOS_DEPLOYMENT_TARGET = 8.0;
				ONLY_ACTIVE_ARCH = YES;
				PRODUCT_MODULE_NAME = StandoutModule;
				PROVISIONING_PROFILE = "4c06ec53-81ef-411b-aa5b-3be4ecd2e175";
				SDKROOT = iphoneos;
				SWIFT_OBJC_BRIDGING_HEADER = "/Users/seckin/AppcodeProjects/tfashion-ios/TFashion/Standout-Bridging-Header.h";
			};
			name = Debug;
		};
		09ABC08D13A1D52E009C3FCF /* Release */ = {
			isa = XCBuildConfiguration;
			buildSettings = {
				CLANG_WARN_BOOL_CONVERSION = YES;
				CLANG_WARN_CONSTANT_CONVERSION = YES;
				CLANG_WARN_EMPTY_BODY = YES;
				CLANG_WARN_ENUM_CONVERSION = YES;
				CLANG_WARN_INT_CONVERSION = YES;
				CLANG_WARN_UNREACHABLE_CODE = YES;
				CLANG_WARN__DUPLICATE_METHOD_MATCH = YES;
				CODE_SIGN_IDENTITY = "Apple Development IOS Push Services: io.conceive.Standout";
				DEFINES_MODULE = YES;
				ENABLE_STRICT_OBJC_MSGSEND = YES;
				GCC_C_LANGUAGE_STANDARD = gnu99;
				GCC_NO_COMMON_BLOCKS = YES;
				GCC_TREAT_WARNINGS_AS_ERRORS = YES;
				GCC_VERSION = "";
				GCC_WARN_64_TO_32_BIT_CONVERSION = YES;
				GCC_WARN_ABOUT_RETURN_TYPE = YES;
				GCC_WARN_UNDECLARED_SELECTOR = YES;
				GCC_WARN_UNINITIALIZED_AUTOS = YES;
				GCC_WARN_UNUSED_FUNCTION = YES;
				GCC_WARN_UNUSED_VARIABLE = YES;
				HEADER_SEARCH_PATHS = "$(TARGET_TEMP_DIR)/../$(PROJECT_NAME).build/DerivedSources/**";
				INFOPLIST_FILE = Info.plist;
				IPHONEOS_DEPLOYMENT_TARGET = 8.0;
				ONLY_ACTIVE_ARCH = YES;
				OTHER_CFLAGS = "-DNS_BLOCK_ASSERTIONS=1";
				PRODUCT_MODULE_NAME = StandoutModule;
				PROVISIONING_PROFILE = "4c06ec53-81ef-411b-aa5b-3be4ecd2e175";
				SDKROOT = iphoneos;
				SWIFT_OBJC_BRIDGING_HEADER = "/Users/seckin/AppcodeProjects/tfashion-ios/TFashion/Standout-Bridging-Header.h";
			};
			name = Release;
		};
		09ABC08F13A1D52E009C3FCF /* Debug */ = {
			isa = XCBuildConfiguration;
			baseConfigurationReference = FC6EB0D9AA47FEBCDCD7B557 /* Pods.debug.xcconfig */;
			buildSettings = {
				ALWAYS_SEARCH_USER_PATHS = NO;
				ASSETCATALOG_COMPILER_APPICON_NAME = AppIcon;
				ASSETCATALOG_COMPILER_LAUNCHIMAGE_NAME = LaunchImage;
				CLANG_ALLOW_NON_MODULAR_INCLUDES_IN_FRAMEWORK_MODULES = YES;
				CLANG_ENABLE_MODULES = YES;
				CLANG_ENABLE_OBJC_ARC = YES;
				CODE_SIGN_IDENTITY = "iPhone Developer";
				"CODE_SIGN_IDENTITY[sdk=iphoneos*]" = "iPhone Developer";
				COPY_PHASE_STRIP = NO;
				EMBEDDED_CONTENT_CONTAINS_SWIFT = YES;
				ENABLE_BITCODE = NO;
				FRAMEWORK_SEARCH_PATHS = (
					"$(inherited)",
					"$(SRCROOT)",
					"$(SRCROOT)/Vendor",
					"$(PROJECT_DIR)/Vendor",
					"$(PROJECT_DIR)",
				);
				GCC_DYNAMIC_NO_PIC = NO;
				GCC_PRECOMPILE_PREFIX_HEADER = NO;
				GCC_PREFIX_HEADER = Prefix.pch;
				GCC_PREPROCESSOR_DEFINITIONS = (
					"$(inherited)",
					"COCOAPODS=1",
					"ENABLE_PONYDEBUGGER=1",
				);
				GCC_TREAT_WARNINGS_AS_ERRORS = NO;
				INFOPLIST_FILE = "$(SRCROOT)/Resources/Info.plist";
				IPHONEOS_DEPLOYMENT_TARGET = 9.0;
				LIBRARY_SEARCH_PATHS = "$(inherited)";
				PRODUCT_BUNDLE_IDENTIFIER = "io.conceive.$(PRODUCT_NAME:rfc1034identifier)";
				PRODUCT_NAME = Standout;
				PROVISIONING_PROFILE = "";
				USER_HEADER_SEARCH_PATHS = "\"${PROJECT_DIR}/Pods\"/**";
				WRAPPER_EXTENSION = app;
			};
			name = Debug;
		};
		09ABC09013A1D52E009C3FCF /* Release */ = {
			isa = XCBuildConfiguration;
			baseConfigurationReference = 192EAD6B2595B13292D939E6 /* Pods.release.xcconfig */;
			buildSettings = {
				ALWAYS_SEARCH_USER_PATHS = NO;
				ASSETCATALOG_COMPILER_APPICON_NAME = AppIcon;
				ASSETCATALOG_COMPILER_LAUNCHIMAGE_NAME = LaunchImage;
				CLANG_ALLOW_NON_MODULAR_INCLUDES_IN_FRAMEWORK_MODULES = YES;
				CLANG_ENABLE_MODULES = YES;
				CLANG_ENABLE_OBJC_ARC = YES;
				CODE_SIGN_IDENTITY = "iPhone Developer";
				"CODE_SIGN_IDENTITY[sdk=iphoneos*]" = "iPhone Developer";
				COPY_PHASE_STRIP = YES;
				EMBEDDED_CONTENT_CONTAINS_SWIFT = YES;
				ENABLE_BITCODE = NO;
				FRAMEWORK_SEARCH_PATHS = (
					"$(inherited)",
					"$(SRCROOT)",
					"$(SRCROOT)/Vendor",
					"$(PROJECT_DIR)/Vendor",
					"$(PROJECT_DIR)",
				);
				GCC_PRECOMPILE_PREFIX_HEADER = NO;
				GCC_PREFIX_HEADER = Prefix.pch;
				GCC_TREAT_WARNINGS_AS_ERRORS = NO;
				INFOPLIST_FILE = "$(SRCROOT)/Resources/Info.plist";
				IPHONEOS_DEPLOYMENT_TARGET = 9.0;
				LIBRARY_SEARCH_PATHS = "$(inherited)";
				PRODUCT_BUNDLE_IDENTIFIER = "io.conceive.$(PRODUCT_NAME:rfc1034identifier)";
				PRODUCT_NAME = Standout;
				PROVISIONING_PROFILE = "";
				USER_HEADER_SEARCH_PATHS = "\"${PROJECT_DIR}/Pods\"/**";
				VALIDATE_PRODUCT = YES;
				WRAPPER_EXTENSION = app;
			};
			name = Release;
		};
		C42500E01599424D0087C4F4 /* Distribution */ = {
			isa = XCBuildConfiguration;
			buildSettings = {
				CLANG_WARN_BOOL_CONVERSION = YES;
				CLANG_WARN_CONSTANT_CONVERSION = YES;
				CLANG_WARN_EMPTY_BODY = YES;
				CLANG_WARN_ENUM_CONVERSION = YES;
				CLANG_WARN_INT_CONVERSION = YES;
				CLANG_WARN_UNREACHABLE_CODE = YES;
				CLANG_WARN__DUPLICATE_METHOD_MATCH = YES;
				CODE_SIGN_IDENTITY = "Apple Development IOS Push Services: io.conceive.Standout";
				DEFINES_MODULE = YES;
				ENABLE_STRICT_OBJC_MSGSEND = YES;
				GCC_C_LANGUAGE_STANDARD = gnu99;
				GCC_NO_COMMON_BLOCKS = YES;
				GCC_TREAT_WARNINGS_AS_ERRORS = YES;
				GCC_VERSION = "";
				GCC_WARN_64_TO_32_BIT_CONVERSION = YES;
				GCC_WARN_ABOUT_RETURN_TYPE = YES;
				GCC_WARN_UNDECLARED_SELECTOR = YES;
				GCC_WARN_UNINITIALIZED_AUTOS = YES;
				GCC_WARN_UNUSED_FUNCTION = YES;
				GCC_WARN_UNUSED_VARIABLE = YES;
				HEADER_SEARCH_PATHS = "$(TARGET_TEMP_DIR)/../$(PROJECT_NAME).build/DerivedSources/**";
				INFOPLIST_FILE = Info.plist;
				IPHONEOS_DEPLOYMENT_TARGET = 8.0;
				ONLY_ACTIVE_ARCH = YES;
				OTHER_CFLAGS = "-DNS_BLOCK_ASSERTIONS=1";
				PRODUCT_MODULE_NAME = StandoutModule;
				PROVISIONING_PROFILE = "4c06ec53-81ef-411b-aa5b-3be4ecd2e175";
				SDKROOT = iphoneos;
				SWIFT_OBJC_BRIDGING_HEADER = "/Users/seckin/AppcodeProjects/tfashion-ios/TFashion/Standout-Bridging-Header.h";
			};
			name = Distribution;
		};
		C42500E11599424D0087C4F4 /* Distribution */ = {
			isa = XCBuildConfiguration;
			baseConfigurationReference = AC0A015B22A032758BB65FAC /* Pods.distribution.xcconfig */;
			buildSettings = {
				ALWAYS_SEARCH_USER_PATHS = NO;
				ASSETCATALOG_COMPILER_APPICON_NAME = AppIcon;
				ASSETCATALOG_COMPILER_LAUNCHIMAGE_NAME = LaunchImage;
				CLANG_ALLOW_NON_MODULAR_INCLUDES_IN_FRAMEWORK_MODULES = YES;
				CLANG_ENABLE_MODULES = YES;
				CLANG_ENABLE_OBJC_ARC = YES;
				CODE_SIGN_IDENTITY = "iPhone Developer";
				"CODE_SIGN_IDENTITY[sdk=iphoneos*]" = "iPhone Developer";
				COPY_PHASE_STRIP = YES;
				EMBEDDED_CONTENT_CONTAINS_SWIFT = YES;
				ENABLE_BITCODE = NO;
				FRAMEWORK_SEARCH_PATHS = (
					"$(inherited)",
					"$(SRCROOT)",
					"$(SRCROOT)/Vendor",
					"$(PROJECT_DIR)/Vendor",
					"$(PROJECT_DIR)",
				);
				GCC_PRECOMPILE_PREFIX_HEADER = NO;
				GCC_PREFIX_HEADER = Prefix.pch;
				GCC_TREAT_WARNINGS_AS_ERRORS = NO;
				INFOPLIST_FILE = "$(SRCROOT)/Resources/Info.plist";
				IPHONEOS_DEPLOYMENT_TARGET = 9.0;
				LIBRARY_SEARCH_PATHS = "$(inherited)";
				PRODUCT_BUNDLE_IDENTIFIER = "io.conceive.$(PRODUCT_NAME:rfc1034identifier)";
				PRODUCT_NAME = Standout;
				PROVISIONING_PROFILE = "";
				USER_HEADER_SEARCH_PATHS = "\"${PROJECT_DIR}/Pods\"/**";
				VALIDATE_PRODUCT = YES;
				WRAPPER_EXTENSION = app;
			};
			name = Distribution;
		};
		C4F10200156C54D40061BC3E /* Ad Hoc */ = {
			isa = XCBuildConfiguration;
			buildSettings = {
				CLANG_WARN_BOOL_CONVERSION = YES;
				CLANG_WARN_CONSTANT_CONVERSION = YES;
				CLANG_WARN_EMPTY_BODY = YES;
				CLANG_WARN_ENUM_CONVERSION = YES;
				CLANG_WARN_INT_CONVERSION = YES;
				CLANG_WARN_UNREACHABLE_CODE = YES;
				CLANG_WARN__DUPLICATE_METHOD_MATCH = YES;
				CODE_SIGN_IDENTITY = "Apple Development IOS Push Services: io.conceive.Standout";
				DEFINES_MODULE = YES;
				ENABLE_STRICT_OBJC_MSGSEND = YES;
				GCC_C_LANGUAGE_STANDARD = gnu99;
				GCC_NO_COMMON_BLOCKS = YES;
				GCC_TREAT_WARNINGS_AS_ERRORS = YES;
				GCC_VERSION = "";
				GCC_WARN_64_TO_32_BIT_CONVERSION = YES;
				GCC_WARN_ABOUT_RETURN_TYPE = YES;
				GCC_WARN_UNDECLARED_SELECTOR = YES;
				GCC_WARN_UNINITIALIZED_AUTOS = YES;
				GCC_WARN_UNUSED_FUNCTION = YES;
				GCC_WARN_UNUSED_VARIABLE = YES;
				HEADER_SEARCH_PATHS = "$(TARGET_TEMP_DIR)/../$(PROJECT_NAME).build/DerivedSources/**";
				INFOPLIST_FILE = Info.plist;
				IPHONEOS_DEPLOYMENT_TARGET = 8.0;
				ONLY_ACTIVE_ARCH = YES;
				OTHER_CFLAGS = "-DNS_BLOCK_ASSERTIONS=1";
				PRODUCT_MODULE_NAME = StandoutModule;
				PROVISIONING_PROFILE = "4c06ec53-81ef-411b-aa5b-3be4ecd2e175";
				SDKROOT = iphoneos;
				SWIFT_OBJC_BRIDGING_HEADER = "/Users/seckin/AppcodeProjects/tfashion-ios/TFashion/Standout-Bridging-Header.h";
			};
			name = "Ad Hoc";
		};
		C4F10201156C54D40061BC3E /* Ad Hoc */ = {
			isa = XCBuildConfiguration;
			baseConfigurationReference = 6CCCF19ADF46CF4E4A039B76 /* Pods.ad hoc.xcconfig */;
			buildSettings = {
				ALWAYS_SEARCH_USER_PATHS = NO;
				ASSETCATALOG_COMPILER_APPICON_NAME = AppIcon;
				ASSETCATALOG_COMPILER_LAUNCHIMAGE_NAME = LaunchImage;
				CLANG_ALLOW_NON_MODULAR_INCLUDES_IN_FRAMEWORK_MODULES = YES;
				CLANG_ENABLE_MODULES = YES;
				CLANG_ENABLE_OBJC_ARC = YES;
				CODE_SIGN_IDENTITY = "iPhone Developer";
				"CODE_SIGN_IDENTITY[sdk=iphoneos*]" = "iPhone Developer";
				COPY_PHASE_STRIP = YES;
				EMBEDDED_CONTENT_CONTAINS_SWIFT = YES;
				ENABLE_BITCODE = NO;
				FRAMEWORK_SEARCH_PATHS = (
					"$(inherited)",
					"$(SRCROOT)",
					"$(SRCROOT)/Vendor",
					"$(PROJECT_DIR)/Vendor",
					"$(PROJECT_DIR)",
				);
				GCC_PRECOMPILE_PREFIX_HEADER = NO;
				GCC_PREFIX_HEADER = Prefix.pch;
				GCC_TREAT_WARNINGS_AS_ERRORS = NO;
				INFOPLIST_FILE = "$(SRCROOT)/Resources/Info.plist";
				IPHONEOS_DEPLOYMENT_TARGET = 9.0;
				LIBRARY_SEARCH_PATHS = "$(inherited)";
				PRODUCT_BUNDLE_IDENTIFIER = "io.conceive.$(PRODUCT_NAME:rfc1034identifier)";
				PRODUCT_NAME = Standout;
				PROVISIONING_PROFILE = "";
				USER_HEADER_SEARCH_PATHS = "\"${PROJECT_DIR}/Pods\"/**";
				VALIDATE_PRODUCT = YES;
				WRAPPER_EXTENSION = app;
			};
			name = "Ad Hoc";
		};
/* End XCBuildConfiguration section */

/* Begin XCConfigurationList section */
		09ABC06713A1D52D009C3FCF /* Build configuration list for PBXProject "Standout" */ = {
			isa = XCConfigurationList;
			buildConfigurations = (
				09ABC08C13A1D52E009C3FCF /* Debug */,
				09ABC08D13A1D52E009C3FCF /* Release */,
				C4F10200156C54D40061BC3E /* Ad Hoc */,
				C42500E01599424D0087C4F4 /* Distribution */,
			);
			defaultConfigurationIsVisible = 0;
			defaultConfigurationName = Distribution;
		};
		09ABC08E13A1D52E009C3FCF /* Build configuration list for PBXNativeTarget "Standout" */ = {
			isa = XCConfigurationList;
			buildConfigurations = (
				09ABC08F13A1D52E009C3FCF /* Debug */,
				09ABC09013A1D52E009C3FCF /* Release */,
				C4F10201156C54D40061BC3E /* Ad Hoc */,
				C42500E11599424D0087C4F4 /* Distribution */,
			);
			defaultConfigurationIsVisible = 0;
			defaultConfigurationName = Distribution;
		};
/* End XCConfigurationList section */
	};
	rootObject = 09ABC06413A1D52D009C3FCF /* Project object */;
}
